// !$*UTF8*$!
{
	archiveVersion = 1;
	classes = {
	};
	objectVersion = 56;
	objects = {

/* Begin PBXBuildFile section */
		E8DC3B5A2AFD30FD006FD3E4 /* TDWidgetApp.swift in Sources */ = {isa = PBXBuildFile; fileRef = E8DC3B592AFD30FD006FD3E4 /* TDWidgetApp.swift */; };
		E8DC3B5C2AFD30FD006FD3E4 /* ContentView.swift in Sources */ = {isa = PBXBuildFile; fileRef = E8DC3B5B2AFD30FD006FD3E4 /* ContentView.swift */; };
		E8DC3B5E2AFD30FF006FD3E4 /* Assets.xcassets in Resources */ = {isa = PBXBuildFile; fileRef = E8DC3B5D2AFD30FF006FD3E4 /* Assets.xcassets */; };
		E8DC3B622AFD3100006FD3E4 /* Preview Assets.xcassets in Resources */ = {isa = PBXBuildFile; fileRef = E8DC3B612AFD3100006FD3E4 /* Preview Assets.xcassets */; };
		E8DC3B6F2AFD3151006FD3E4 /* WidgetKit.framework in Frameworks */ = {isa = PBXBuildFile; fileRef = E8DC3B6E2AFD3151006FD3E4 /* WidgetKit.framework */; };
		E8DC3B712AFD3151006FD3E4 /* SwiftUI.framework in Frameworks */ = {isa = PBXBuildFile; fileRef = E8DC3B702AFD3151006FD3E4 /* SwiftUI.framework */; };
		E8DC3B742AFD3151006FD3E4 /* TaskWidgetBundle.swift in Sources */ = {isa = PBXBuildFile; fileRef = E8DC3B732AFD3151006FD3E4 /* TaskWidgetBundle.swift */; };
		E8DC3B762AFD3151006FD3E4 /* TaskWidget.swift in Sources */ = {isa = PBXBuildFile; fileRef = E8DC3B752AFD3151006FD3E4 /* TaskWidget.swift */; };
		E8DC3B782AFD3153006FD3E4 /* Assets.xcassets in Resources */ = {isa = PBXBuildFile; fileRef = E8DC3B772AFD3153006FD3E4 /* Assets.xcassets */; };
		E8DC3B7C2AFD3153006FD3E4 /* TaskWidgetExtension.appex in Embed Foundation Extensions */ = {isa = PBXBuildFile; fileRef = E8DC3B6C2AFD3151006FD3E4 /* TaskWidgetExtension.appex */; settings = {ATTRIBUTES = (RemoveHeadersOnCopy, ); }; };
		E8DC3B822AFD349E006FD3E4 /* ContentView.swift in Sources */ = {isa = PBXBuildFile; fileRef = E8DC3B5B2AFD30FD006FD3E4 /* ContentView.swift */; };
		E8DC3B832AFD34A1006FD3E4 /* TaskWidget.swift in Sources */ = {isa = PBXBuildFile; fileRef = E8DC3B752AFD3151006FD3E4 /* TaskWidget.swift */; };
/* End PBXBuildFile section */

/* Begin PBXContainerItemProxy section */
		E8DC3B7A2AFD3153006FD3E4 /* PBXContainerItemProxy */ = {
			isa = PBXContainerItemProxy;
			containerPortal = E8DC3B4E2AFD30FD006FD3E4 /* Project object */;
			proxyType = 1;
			remoteGlobalIDString = E8DC3B6B2AFD3151006FD3E4;
			remoteInfo = TaskWidgetExtension;
		};
/* End PBXContainerItemProxy section */

/* Begin PBXCopyFilesBuildPhase section */
		E8DC3B802AFD3153006FD3E4 /* Embed Foundation Extensions */ = {
			isa = PBXCopyFilesBuildPhase;
			buildActionMask = 2147483647;
			dstPath = "";
			dstSubfolderSpec = 13;
			files = (
				E8DC3B7C2AFD3153006FD3E4 /* TaskWidgetExtension.appex in Embed Foundation Extensions */,
			);
			name = "Embed Foundation Extensions";
			runOnlyForDeploymentPostprocessing = 0;
		};
/* End PBXCopyFilesBuildPhase section */

/* Begin PBXFileReference section */
		E8DC3B562AFD30FD006FD3E4 /* TDWidget.app */ = {isa = PBXFileReference; explicitFileType = wrapper.application; includeInIndex = 0; path = TDWidget.app; sourceTree = BUILT_PRODUCTS_DIR; };
		E8DC3B592AFD30FD006FD3E4 /* TDWidgetApp.swift */ = {isa = PBXFileReference; lastKnownFileType = sourcecode.swift; path = TDWidgetApp.swift; sourceTree = "<group>"; };
		E8DC3B5B2AFD30FD006FD3E4 /* ContentView.swift */ = {isa = PBXFileReference; lastKnownFileType = sourcecode.swift; path = ContentView.swift; sourceTree = "<group>"; };
		E8DC3B5D2AFD30FF006FD3E4 /* Assets.xcassets */ = {isa = PBXFileReference; lastKnownFileType = folder.assetcatalog; path = Assets.xcassets; sourceTree = "<group>"; };
		E8DC3B5F2AFD3100006FD3E4 /* TDWidget.entitlements */ = {isa = PBXFileReference; lastKnownFileType = text.plist.entitlements; path = TDWidget.entitlements; sourceTree = "<group>"; };
		E8DC3B612AFD3100006FD3E4 /* Preview Assets.xcassets */ = {isa = PBXFileReference; lastKnownFileType = folder.assetcatalog; path = "Preview Assets.xcassets"; sourceTree = "<group>"; };
		E8DC3B6C2AFD3151006FD3E4 /* TaskWidgetExtension.appex */ = {isa = PBXFileReference; explicitFileType = "wrapper.app-extension"; includeInIndex = 0; path = TaskWidgetExtension.appex; sourceTree = BUILT_PRODUCTS_DIR; };
		E8DC3B6E2AFD3151006FD3E4 /* WidgetKit.framework */ = {isa = PBXFileReference; lastKnownFileType = wrapper.framework; name = WidgetKit.framework; path = System/Library/Frameworks/WidgetKit.framework; sourceTree = SDKROOT; };
		E8DC3B702AFD3151006FD3E4 /* SwiftUI.framework */ = {isa = PBXFileReference; lastKnownFileType = wrapper.framework; name = SwiftUI.framework; path = System/Library/Frameworks/SwiftUI.framework; sourceTree = SDKROOT; };
		E8DC3B732AFD3151006FD3E4 /* TaskWidgetBundle.swift */ = {isa = PBXFileReference; lastKnownFileType = sourcecode.swift; path = TaskWidgetBundle.swift; sourceTree = "<group>"; };
		E8DC3B752AFD3151006FD3E4 /* TaskWidget.swift */ = {isa = PBXFileReference; lastKnownFileType = sourcecode.swift; path = TaskWidget.swift; sourceTree = "<group>"; };
		E8DC3B772AFD3153006FD3E4 /* Assets.xcassets */ = {isa = PBXFileReference; lastKnownFileType = folder.assetcatalog; path = Assets.xcassets; sourceTree = "<group>"; };
		E8DC3B792AFD3153006FD3E4 /* Info.plist */ = {isa = PBXFileReference; lastKnownFileType = text.plist.xml; path = Info.plist; sourceTree = "<group>"; };
		E8DC3B812AFD3253006FD3E4 /* TaskWidgetExtension.entitlements */ = {isa = PBXFileReference; lastKnownFileType = text.plist.entitlements; path = TaskWidgetExtension.entitlements; sourceTree = "<group>"; };
/* End PBXFileReference section */

/* Begin PBXFrameworksBuildPhase section */
		E8DC3B532AFD30FD006FD3E4 /* Frameworks */ = {
			isa = PBXFrameworksBuildPhase;
			buildActionMask = 2147483647;
			files = (
			);
			runOnlyForDeploymentPostprocessing = 0;
		};
		E8DC3B692AFD3151006FD3E4 /* Frameworks */ = {
			isa = PBXFrameworksBuildPhase;
			buildActionMask = 2147483647;
			files = (
				E8DC3B712AFD3151006FD3E4 /* SwiftUI.framework in Frameworks */,
				E8DC3B6F2AFD3151006FD3E4 /* WidgetKit.framework in Frameworks */,
			);
			runOnlyForDeploymentPostprocessing = 0;
		};
/* End PBXFrameworksBuildPhase section */

/* Begin PBXGroup section */
		E8DC3B4D2AFD30FD006FD3E4 = {
			isa = PBXGroup;
			children = (
				E8DC3B812AFD3253006FD3E4 /* TaskWidgetExtension.entitlements */,
				E8DC3B582AFD30FD006FD3E4 /* TDWidget */,
				E8DC3B722AFD3151006FD3E4 /* TaskWidget */,
				E8DC3B6D2AFD3151006FD3E4 /* Frameworks */,
				E8DC3B572AFD30FD006FD3E4 /* Products */,
			);
			sourceTree = "<group>";
		};
		E8DC3B572AFD30FD006FD3E4 /* Products */ = {
			isa = PBXGroup;
			children = (
				E8DC3B562AFD30FD006FD3E4 /* TDWidget.app */,
				E8DC3B6C2AFD3151006FD3E4 /* TaskWidgetExtension.appex */,
			);
			name = Products;
			sourceTree = "<group>";
		};
		E8DC3B582AFD30FD006FD3E4 /* TDWidget */ = {
			isa = PBXGroup;
			children = (
				E8DC3B592AFD30FD006FD3E4 /* TDWidgetApp.swift */,
				E8DC3B5B2AFD30FD006FD3E4 /* ContentView.swift */,
				E8DC3B5D2AFD30FF006FD3E4 /* Assets.xcassets */,
				E8DC3B5F2AFD3100006FD3E4 /* TDWidget.entitlements */,
				E8DC3B602AFD3100006FD3E4 /* Preview Content */,
			);
			path = TDWidget;
			sourceTree = "<group>";
		};
		E8DC3B602AFD3100006FD3E4 /* Preview Content */ = {
			isa = PBXGroup;
			children = (
				E8DC3B612AFD3100006FD3E4 /* Preview Assets.xcassets */,
			);
			path = "Preview Content";
			sourceTree = "<group>";
		};
		E8DC3B6D2AFD3151006FD3E4 /* Frameworks */ = {
			isa = PBXGroup;
			children = (
				E8DC3B6E2AFD3151006FD3E4 /* WidgetKit.framework */,
				E8DC3B702AFD3151006FD3E4 /* SwiftUI.framework */,
			);
			name = Frameworks;
			sourceTree = "<group>";
		};
		E8DC3B722AFD3151006FD3E4 /* TaskWidget */ = {
			isa = PBXGroup;
			children = (
				E8DC3B732AFD3151006FD3E4 /* TaskWidgetBundle.swift */,
				E8DC3B752AFD3151006FD3E4 /* TaskWidget.swift */,
				E8DC3B772AFD3153006FD3E4 /* Assets.xcassets */,
				E8DC3B792AFD3153006FD3E4 /* Info.plist */,
			);
			path = TaskWidget;
			sourceTree = "<group>";
		};
/* End PBXGroup section */

/* Begin PBXNativeTarget section */
		E8DC3B552AFD30FD006FD3E4 /* TDWidget */ = {
			isa = PBXNativeTarget;
			buildConfigurationList = E8DC3B652AFD3100006FD3E4 /* Build configuration list for PBXNativeTarget "TDWidget" */;
			buildPhases = (
				E8DC3B522AFD30FD006FD3E4 /* Sources */,
				E8DC3B532AFD30FD006FD3E4 /* Frameworks */,
				E8DC3B542AFD30FD006FD3E4 /* Resources */,
				E8DC3B802AFD3153006FD3E4 /* Embed Foundation Extensions */,
			);
			buildRules = (
			);
			dependencies = (
				E8DC3B7B2AFD3153006FD3E4 /* PBXTargetDependency */,
			);
			name = TDWidget;
			productName = TDWidget;
			productReference = E8DC3B562AFD30FD006FD3E4 /* TDWidget.app */;
			productType = "com.apple.product-type.application";
		};
		E8DC3B6B2AFD3151006FD3E4 /* TaskWidgetExtension */ = {
			isa = PBXNativeTarget;
			buildConfigurationList = E8DC3B7D2AFD3153006FD3E4 /* Build configuration list for PBXNativeTarget "TaskWidgetExtension" */;
			buildPhases = (
				E8DC3B682AFD3151006FD3E4 /* Sources */,
				E8DC3B692AFD3151006FD3E4 /* Frameworks */,
				E8DC3B6A2AFD3151006FD3E4 /* Resources */,
			);
			buildRules = (
			);
			dependencies = (
			);
			name = TaskWidgetExtension;
			productName = TaskWidgetExtension;
			productReference = E8DC3B6C2AFD3151006FD3E4 /* TaskWidgetExtension.appex */;
			productType = "com.apple.product-type.app-extension";
		};
/* End PBXNativeTarget section */

/* Begin PBXProject section */
		E8DC3B4E2AFD30FD006FD3E4 /* Project object */ = {
			isa = PBXProject;
			attributes = {
				BuildIndependentTargetsInParallel = 1;
				LastSwiftUpdateCheck = 1500;
				LastUpgradeCheck = 1500;
				TargetAttributes = {
					E8DC3B552AFD30FD006FD3E4 = {
						CreatedOnToolsVersion = 15.0.1;
					};
					E8DC3B6B2AFD3151006FD3E4 = {
						CreatedOnToolsVersion = 15.0.1;
					};
				};
			};
			buildConfigurationList = E8DC3B512AFD30FD006FD3E4 /* Build configuration list for PBXProject "TDWidget" */;
			compatibilityVersion = "Xcode 14.0";
			developmentRegion = en;
			hasScannedForEncodings = 0;
			knownRegions = (
				en,
				Base,
			);
			mainGroup = E8DC3B4D2AFD30FD006FD3E4;
			productRefGroup = E8DC3B572AFD30FD006FD3E4 /* Products */;
			projectDirPath = "";
			projectRoot = "";
			targets = (
				E8DC3B552AFD30FD006FD3E4 /* TDWidget */,
				E8DC3B6B2AFD3151006FD3E4 /* TaskWidgetExtension */,
			);
		};
/* End PBXProject section */

/* Begin PBXResourcesBuildPhase section */
		E8DC3B542AFD30FD006FD3E4 /* Resources */ = {
			isa = PBXResourcesBuildPhase;
			buildActionMask = 2147483647;
			files = (
				E8DC3B622AFD3100006FD3E4 /* Preview Assets.xcassets in Resources */,
				E8DC3B5E2AFD30FF006FD3E4 /* Assets.xcassets in Resources */,
			);
			runOnlyForDeploymentPostprocessing = 0;
		};
		E8DC3B6A2AFD3151006FD3E4 /* Resources */ = {
			isa = PBXResourcesBuildPhase;
			buildActionMask = 2147483647;
			files = (
				E8DC3B782AFD3153006FD3E4 /* Assets.xcassets in Resources */,
			);
			runOnlyForDeploymentPostprocessing = 0;
		};
/* End PBXResourcesBuildPhase section */

/* Begin PBXSourcesBuildPhase section */
		E8DC3B522AFD30FD006FD3E4 /* Sources */ = {
			isa = PBXSourcesBuildPhase;
			buildActionMask = 2147483647;
			files = (
				E8DC3B5C2AFD30FD006FD3E4 /* ContentView.swift in Sources */,
				E8DC3B5A2AFD30FD006FD3E4 /* TDWidgetApp.swift in Sources */,
				E8DC3B832AFD34A1006FD3E4 /* TaskWidget.swift in Sources */,
			);
			runOnlyForDeploymentPostprocessing = 0;
		};
		E8DC3B682AFD3151006FD3E4 /* Sources */ = {
			isa = PBXSourcesBuildPhase;
			buildActionMask = 2147483647;
			files = (
				E8DC3B762AFD3151006FD3E4 /* TaskWidget.swift in Sources */,
				E8DC3B742AFD3151006FD3E4 /* TaskWidgetBundle.swift in Sources */,
				E8DC3B822AFD349E006FD3E4 /* ContentView.swift in Sources */,
			);
			runOnlyForDeploymentPostprocessing = 0;
		};
/* End PBXSourcesBuildPhase section */

/* Begin PBXTargetDependency section */
		E8DC3B7B2AFD3153006FD3E4 /* PBXTargetDependency */ = {
			isa = PBXTargetDependency;
			target = E8DC3B6B2AFD3151006FD3E4 /* TaskWidgetExtension */;
			targetProxy = E8DC3B7A2AFD3153006FD3E4 /* PBXContainerItemProxy */;
		};
/* End PBXTargetDependency section */

/* Begin XCBuildConfiguration section */
		E8DC3B632AFD3100006FD3E4 /* Debug */ = {
			isa = XCBuildConfiguration;
			buildSettings = {
				ALWAYS_SEARCH_USER_PATHS = NO;
				ASSETCATALOG_COMPILER_GENERATE_SWIFT_ASSET_SYMBOL_EXTENSIONS = YES;
				CLANG_ANALYZER_NONNULL = YES;
				CLANG_ANALYZER_NUMBER_OBJECT_CONVERSION = YES_AGGRESSIVE;
				CLANG_CXX_LANGUAGE_STANDARD = "gnu++20";
				CLANG_ENABLE_MODULES = YES;
				CLANG_ENABLE_OBJC_ARC = YES;
				CLANG_ENABLE_OBJC_WEAK = YES;
				CLANG_WARN_BLOCK_CAPTURE_AUTORELEASING = YES;
				CLANG_WARN_BOOL_CONVERSION = YES;
				CLANG_WARN_COMMA = YES;
				CLANG_WARN_CONSTANT_CONVERSION = YES;
				CLANG_WARN_DEPRECATED_OBJC_IMPLEMENTATIONS = YES;
				CLANG_WARN_DIRECT_OBJC_ISA_USAGE = YES_ERROR;
				CLANG_WARN_DOCUMENTATION_COMMENTS = YES;
				CLANG_WARN_EMPTY_BODY = YES;
				CLANG_WARN_ENUM_CONVERSION = YES;
				CLANG_WARN_INFINITE_RECURSION = YES;
				CLANG_WARN_INT_CONVERSION = YES;
				CLANG_WARN_NON_LITERAL_NULL_CONVERSION = YES;
				CLANG_WARN_OBJC_IMPLICIT_RETAIN_SELF = YES;
				CLANG_WARN_OBJC_LITERAL_CONVERSION = YES;
				CLANG_WARN_OBJC_ROOT_CLASS = YES_ERROR;
				CLANG_WARN_QUOTED_INCLUDE_IN_FRAMEWORK_HEADER = YES;
				CLANG_WARN_RANGE_LOOP_ANALYSIS = YES;
				CLANG_WARN_STRICT_PROTOTYPES = YES;
				CLANG_WARN_SUSPICIOUS_MOVE = YES;
				CLANG_WARN_UNGUARDED_AVAILABILITY = YES_AGGRESSIVE;
				CLANG_WARN_UNREACHABLE_CODE = YES;
				CLANG_WARN__DUPLICATE_METHOD_MATCH = YES;
				COPY_PHASE_STRIP = NO;
				DEBUG_INFORMATION_FORMAT = dwarf;
				ENABLE_STRICT_OBJC_MSGSEND = YES;
				ENABLE_TESTABILITY = YES;
				ENABLE_USER_SCRIPT_SANDBOXING = YES;
				GCC_C_LANGUAGE_STANDARD = gnu17;
				GCC_DYNAMIC_NO_PIC = NO;
				GCC_NO_COMMON_BLOCKS = YES;
				GCC_OPTIMIZATION_LEVEL = 0;
				GCC_PREPROCESSOR_DEFINITIONS = (
					"DEBUG=1",
					"$(inherited)",
				);
				GCC_WARN_64_TO_32_BIT_CONVERSION = YES;
				GCC_WARN_ABOUT_RETURN_TYPE = YES_ERROR;
				GCC_WARN_UNDECLARED_SELECTOR = YES;
				GCC_WARN_UNINITIALIZED_AUTOS = YES_AGGRESSIVE;
				GCC_WARN_UNUSED_FUNCTION = YES;
				GCC_WARN_UNUSED_VARIABLE = YES;
				LOCALIZATION_PREFERS_STRING_CATALOGS = YES;
				MTL_ENABLE_DEBUG_INFO = INCLUDE_SOURCE;
				MTL_FAST_MATH = YES;
				ONLY_ACTIVE_ARCH = YES;
				SWIFT_ACTIVE_COMPILATION_CONDITIONS = "DEBUG $(inherited)";
				SWIFT_OPTIMIZATION_LEVEL = "-Onone";
			};
			name = Debug;
		};
		E8DC3B642AFD3100006FD3E4 /* Release */ = {
			isa = XCBuildConfiguration;
			buildSettings = {
				ALWAYS_SEARCH_USER_PATHS = NO;
				ASSETCATALOG_COMPILER_GENERATE_SWIFT_ASSET_SYMBOL_EXTENSIONS = YES;
				CLANG_ANALYZER_NONNULL = YES;
				CLANG_ANALYZER_NUMBER_OBJECT_CONVERSION = YES_AGGRESSIVE;
				CLANG_CXX_LANGUAGE_STANDARD = "gnu++20";
				CLANG_ENABLE_MODULES = YES;
				CLANG_ENABLE_OBJC_ARC = YES;
				CLANG_ENABLE_OBJC_WEAK = YES;
				CLANG_WARN_BLOCK_CAPTURE_AUTORELEASING = YES;
				CLANG_WARN_BOOL_CONVERSION = YES;
				CLANG_WARN_COMMA = YES;
				CLANG_WARN_CONSTANT_CONVERSION = YES;
				CLANG_WARN_DEPRECATED_OBJC_IMPLEMENTATIONS = YES;
				CLANG_WARN_DIRECT_OBJC_ISA_USAGE = YES_ERROR;
				CLANG_WARN_DOCUMENTATION_COMMENTS = YES;
				CLANG_WARN_EMPTY_BODY = YES;
				CLANG_WARN_ENUM_CONVERSION = YES;
				CLANG_WARN_INFINITE_RECURSION = YES;
				CLANG_WARN_INT_CONVERSION = YES;
				CLANG_WARN_NON_LITERAL_NULL_CONVERSION = YES;
				CLANG_WARN_OBJC_IMPLICIT_RETAIN_SELF = YES;
				CLANG_WARN_OBJC_LITERAL_CONVERSION = YES;
				CLANG_WARN_OBJC_ROOT_CLASS = YES_ERROR;
				CLANG_WARN_QUOTED_INCLUDE_IN_FRAMEWORK_HEADER = YES;
				CLANG_WARN_RANGE_LOOP_ANALYSIS = YES;
				CLANG_WARN_STRICT_PROTOTYPES = YES;
				CLANG_WARN_SUSPICIOUS_MOVE = YES;
				CLANG_WARN_UNGUARDED_AVAILABILITY = YES_AGGRESSIVE;
				CLANG_WARN_UNREACHABLE_CODE = YES;
				CLANG_WARN__DUPLICATE_METHOD_MATCH = YES;
				COPY_PHASE_STRIP = NO;
				DEBUG_INFORMATION_FORMAT = "dwarf-with-dsym";
				ENABLE_NS_ASSERTIONS = NO;
				ENABLE_STRICT_OBJC_MSGSEND = YES;
				ENABLE_USER_SCRIPT_SANDBOXING = YES;
				GCC_C_LANGUAGE_STANDARD = gnu17;
				GCC_NO_COMMON_BLOCKS = YES;
				GCC_WARN_64_TO_32_BIT_CONVERSION = YES;
				GCC_WARN_ABOUT_RETURN_TYPE = YES_ERROR;
				GCC_WARN_UNDECLARED_SELECTOR = YES;
				GCC_WARN_UNINITIALIZED_AUTOS = YES_AGGRESSIVE;
				GCC_WARN_UNUSED_FUNCTION = YES;
				GCC_WARN_UNUSED_VARIABLE = YES;
				LOCALIZATION_PREFERS_STRING_CATALOGS = YES;
				MTL_ENABLE_DEBUG_INFO = NO;
				MTL_FAST_MATH = YES;
				SWIFT_COMPILATION_MODE = wholemodule;
			};
			name = Release;
		};
		E8DC3B662AFD3100006FD3E4 /* Debug */ = {
			isa = XCBuildConfiguration;
			buildSettings = {
				ALWAYS_EMBED_SWIFT_STANDARD_LIBRARIES = YES;
				ASSETCATALOG_COMPILER_APPICON_NAME = AppIcon;
				ASSETCATALOG_COMPILER_GLOBAL_ACCENT_COLOR_NAME = AccentColor;
				CODE_SIGN_ENTITLEMENTS = TDWidget/TDWidget.entitlements;
				CODE_SIGN_STYLE = Automatic;
				CURRENT_PROJECT_VERSION = 1;
				DEVELOPMENT_ASSET_PATHS = "\"TDWidget/Preview Content\"";
				DEVELOPMENT_TEAM = AXDXD4DT5G;
				ENABLE_HARDENED_RUNTIME = YES;
				ENABLE_PREVIEWS = YES;
				GENERATE_INFOPLIST_FILE = YES;
				"INFOPLIST_KEY_UIApplicationSceneManifest_Generation[sdk=iphoneos*]" = YES;
				"INFOPLIST_KEY_UIApplicationSceneManifest_Generation[sdk=iphonesimulator*]" = YES;
				"INFOPLIST_KEY_UIApplicationSupportsIndirectInputEvents[sdk=iphoneos*]" = YES;
				"INFOPLIST_KEY_UIApplicationSupportsIndirectInputEvents[sdk=iphonesimulator*]" = YES;
				"INFOPLIST_KEY_UILaunchScreen_Generation[sdk=iphoneos*]" = YES;
				"INFOPLIST_KEY_UILaunchScreen_Generation[sdk=iphonesimulator*]" = YES;
				"INFOPLIST_KEY_UIStatusBarStyle[sdk=iphoneos*]" = UIStatusBarStyleDefault;
				"INFOPLIST_KEY_UIStatusBarStyle[sdk=iphonesimulator*]" = UIStatusBarStyleDefault;
				INFOPLIST_KEY_UISupportedInterfaceOrientations_iPad = "UIInterfaceOrientationPortrait UIInterfaceOrientationPortraitUpsideDown UIInterfaceOrientationLandscapeLeft UIInterfaceOrientationLandscapeRight";
				INFOPLIST_KEY_UISupportedInterfaceOrientations_iPhone = "UIInterfaceOrientationPortrait UIInterfaceOrientationLandscapeLeft UIInterfaceOrientationLandscapeRight";
				IPHONEOS_DEPLOYMENT_TARGET = 17.0;
				LD_RUNPATH_SEARCH_PATHS = "@executable_path/Frameworks";
				"LD_RUNPATH_SEARCH_PATHS[sdk=macosx*]" = "@executable_path/../Frameworks";
				MACOSX_DEPLOYMENT_TARGET = 14.0;
				MARKETING_VERSION = 1.0;
				PRODUCT_BUNDLE_IDENTIFIER = Sucodee.TDWidget;
				PRODUCT_NAME = "$(TARGET_NAME)";
				SDKROOT = auto;
				SUPPORTED_PLATFORMS = "iphoneos iphonesimulator macosx";
				SWIFT_EMIT_LOC_STRINGS = YES;
				SWIFT_VERSION = 5.0;
				TARGETED_DEVICE_FAMILY = "1,2";
			};
			name = Debug;
		};
		E8DC3B672AFD3100006FD3E4 /* Release */ = {
			isa = XCBuildConfiguration;
			buildSettings = {
				ALWAYS_EMBED_SWIFT_STANDARD_LIBRARIES = YES;
				ASSETCATALOG_COMPILER_APPICON_NAME = AppIcon;
				ASSETCATALOG_COMPILER_GLOBAL_ACCENT_COLOR_NAME = AccentColor;
				CODE_SIGN_ENTITLEMENTS = TDWidget/TDWidget.entitlements;
				CODE_SIGN_STYLE = Automatic;
				CURRENT_PROJECT_VERSION = 1;
				DEVELOPMENT_ASSET_PATHS = "\"TDWidget/Preview Content\"";
				DEVELOPMENT_TEAM = AXDXD4DT5G;
				ENABLE_HARDENED_RUNTIME = YES;
				ENABLE_PREVIEWS = YES;
				GENERATE_INFOPLIST_FILE = YES;
				"INFOPLIST_KEY_UIApplicationSceneManifest_Generation[sdk=iphoneos*]" = YES;
				"INFOPLIST_KEY_UIApplicationSceneManifest_Generation[sdk=iphonesimulator*]" = YES;
				"INFOPLIST_KEY_UIApplicationSupportsIndirectInputEvents[sdk=iphoneos*]" = YES;
				"INFOPLIST_KEY_UIApplicationSupportsIndirectInputEvents[sdk=iphonesimulator*]" = YES;
				"INFOPLIST_KEY_UILaunchScreen_Generation[sdk=iphoneos*]" = YES;
				"INFOPLIST_KEY_UILaunchScreen_Generation[sdk=iphonesimulator*]" = YES;
				"INFOPLIST_KEY_UIStatusBarStyle[sdk=iphoneos*]" = UIStatusBarStyleDefault;
				"INFOPLIST_KEY_UIStatusBarStyle[sdk=iphonesimulator*]" = UIStatusBarStyleDefault;
				INFOPLIST_KEY_UISupportedInterfaceOrientations_iPad = "UIInterfaceOrientationPortrait UIInterfaceOrientationPortraitUpsideDown UIInterfaceOrientationLandscapeLeft UIInterfaceOrientationLandscapeRight";
				INFOPLIST_KEY_UISupportedInterfaceOrientations_iPhone = "UIInterfaceOrientationPortrait UIInterfaceOrientationLandscapeLeft UIInterfaceOrientationLandscapeRight";
				IPHONEOS_DEPLOYMENT_TARGET = 17.0;
				LD_RUNPATH_SEARCH_PATHS = "@executable_path/Frameworks";
				"LD_RUNPATH_SEARCH_PATHS[sdk=macosx*]" = "@executable_path/../Frameworks";
				MACOSX_DEPLOYMENT_TARGET = 14.0;
				MARKETING_VERSION = 1.0;
				PRODUCT_BUNDLE_IDENTIFIER = Sucodee.TDWidget;
				PRODUCT_NAME = "$(TARGET_NAME)";
				SDKROOT = auto;
				SUPPORTED_PLATFORMS = "iphoneos iphonesimulator macosx";
				SWIFT_EMIT_LOC_STRINGS = YES;
				SWIFT_VERSION = 5.0;
				TARGETED_DEVICE_FAMILY = "1,2";
			};
			name = Release;
		};
		E8DC3B7E2AFD3153006FD3E4 /* Debug */ = {
			isa = XCBuildConfiguration;
			buildSettings = {
				ASSETCATALOG_COMPILER_GLOBAL_ACCENT_COLOR_NAME = AccentColor;
				ASSETCATALOG_COMPILER_WIDGET_BACKGROUND_COLOR_NAME = WidgetBackground;
				CODE_SIGN_ENTITLEMENTS = TaskWidgetExtension.entitlements;
				CODE_SIGN_STYLE = Automatic;
				CURRENT_PROJECT_VERSION = 1;
				DEVELOPMENT_TEAM = AXDXD4DT5G;
				GENERATE_INFOPLIST_FILE = YES;
				INFOPLIST_FILE = TaskWidget/Info.plist;
				INFOPLIST_KEY_CFBundleDisplayName = TaskWidget;
				INFOPLIST_KEY_NSHumanReadableCopyright = "";
				IPHONEOS_DEPLOYMENT_TARGET = 17.0;
				LD_RUNPATH_SEARCH_PATHS = (
					"$(inherited)",
					"@executable_path/Frameworks",
					"@executable_path/../../Frameworks",
				);
				MARKETING_VERSION = 1.0;
				PRODUCT_BUNDLE_IDENTIFIER = Sucodee.TDWidget.TaskWidget;
				PRODUCT_NAME = "$(TARGET_NAME)";
				SDKROOT = iphoneos;
				SKIP_INSTALL = YES;
				SWIFT_EMIT_LOC_STRINGS = YES;
				SWIFT_VERSION = 5.0;
				TARGETED_DEVICE_FAMILY = "1,2";
			};
			name = Debug;
		};
		E8DC3B7F2AFD3153006FD3E4 /* Release */ = {
			isa = XCBuildConfiguration;
			buildSettings = {
				ASSETCATALOG_COMPILER_GLOBAL_ACCENT_COLOR_NAME = AccentColor;
				ASSETCATALOG_COMPILER_WIDGET_BACKGROUND_COLOR_NAME = WidgetBackground;
				CODE_SIGN_ENTITLEMENTS = TaskWidgetExtension.entitlements;
				CODE_SIGN_STYLE = Automatic;
				CURRENT_PROJECT_VERSION = 1;
				DEVELOPMENT_TEAM = 647424MT6Z;
				GENERATE_INFOPLIST_FILE = YES;
				INFOPLIST_FILE = TaskWidget/Info.plist;
				INFOPLIST_KEY_CFBundleDisplayName = TaskWidget;
				INFOPLIST_KEY_NSHumanReadableCopyright = "";
				IPHONEOS_DEPLOYMENT_TARGET = 17.0;
				LD_RUNPATH_SEARCH_PATHS = (
					"$(inherited)",
					"@executable_path/Frameworks",
					"@executable_path/../../Frameworks",
				);
				MARKETING_VERSION = 1.0;
				PRODUCT_BUNDLE_IDENTIFIER = Sucodee.TDWidget.TaskWidget;
				PRODUCT_NAME = "$(TARGET_NAME)";
				SDKROOT = iphoneos;
				SKIP_INSTALL = YES;
				SWIFT_EMIT_LOC_STRINGS = YES;
				SWIFT_VERSION = 5.0;
				TARGETED_DEVICE_FAMILY = "1,2";
				VALIDATE_PRODUCT = YES;
			};
			name = Release;
		};
/* End XCBuildConfiguration section */

/* Begin XCConfigurationList section */
		E8DC3B512AFD30FD006FD3E4 /* Build configuration list for PBXProject "TDWidget" */ = {
			isa = XCConfigurationList;
			buildConfigurations = (
				E8DC3B632AFD3100006FD3E4 /* Debug */,
				E8DC3B642AFD3100006FD3E4 /* Release */,
			);
			defaultConfigurationIsVisible = 0;
			defaultConfigurationName = Release;
		};
		E8DC3B652AFD3100006FD3E4 /* Build configuration list for PBXNativeTarget "TDWidget" */ = {
			isa = XCConfigurationList;
			buildConfigurations = (
				E8DC3B662AFD3100006FD3E4 /* Debug */,
				E8DC3B672AFD3100006FD3E4 /* Release */,
			);
			defaultConfigurationIsVisible = 0;
			defaultConfigurationName = Release;
		};
		E8DC3B7D2AFD3153006FD3E4 /* Build configuration list for PBXNativeTarget "TaskWidgetExtension" */ = {
			isa = XCConfigurationList;
			buildConfigurations = (
				E8DC3B7E2AFD3153006FD3E4 /* Debug */,
				E8DC3B7F2AFD3153006FD3E4 /* Release */,
			);
			defaultConfigurationIsVisible = 0;
			defaultConfigurationName = Release;
		};
/* End XCConfigurationList section */
	};
	rootObject = E8DC3B4E2AFD30FD006FD3E4 /* Project object */;
}
