// !$*UTF8*$!
{
	archiveVersion = 1;
	classes = {
	};
	objectVersion = 56;
	objects = {

/* Begin PBXBuildFile section */
		E85D4EFB29FBE2AB00E274D0 /* ColorsTabBarApp.swift in Sources */ = {isa = PBXBuildFile; fileRef = E85D4EFA29FBE2AB00E274D0 /* ColorsTabBarApp.swift */; };
		E85D4EFD29FBE2AB00E274D0 /* ContentView.swift in Sources */ = {isa = PBXBuildFile; fileRef = E85D4EFC29FBE2AB00E274D0 /* ContentView.swift */; };
		E85D4EFF29FBE2AD00E274D0 /* Assets.xcassets in Resources */ = {isa = PBXBuildFile; fileRef = E85D4EFE29FBE2AD00E274D0 /* Assets.xcassets */; };
		E85D4F0329FBE2AD00E274D0 /* Preview Assets.xcassets in Resources */ = {isa = PBXBuildFile; fileRef = E85D4F0229FBE2AD00E274D0 /* Preview Assets.xcassets */; };
		E8B1A09229FD78880039DE0E /* TabBarOne.swift in Sources */ = {isa = PBXBuildFile; fileRef = E8B1A09129FD78880039DE0E /* TabBarOne.swift */; };
		E8B1A09429FD78960039DE0E /* TabBarTow.swift in Sources */ = {isa = PBXBuildFile; fileRef = E8B1A09329FD78960039DE0E /* TabBarTow.swift */; };
		E8B1A09629FD78DF0039DE0E /* TabBarThree.swift in Sources */ = {isa = PBXBuildFile; fileRef = E8B1A09529FD78DF0039DE0E /* TabBarThree.swift */; };
/* End PBXBuildFile section */

/* Begin PBXFileReference section */
		E85D4EF729FBE2AB00E274D0 /* ColorsTabBar.app */ = {isa = PBXFileReference; explicitFileType = wrapper.application; includeInIndex = 0; path = ColorsTabBar.app; sourceTree = BUILT_PRODUCTS_DIR; };
		E85D4EFA29FBE2AB00E274D0 /* ColorsTabBarApp.swift */ = {isa = PBXFileReference; lastKnownFileType = sourcecode.swift; path = ColorsTabBarApp.swift; sourceTree = "<group>"; };
		E85D4EFC29FBE2AB00E274D0 /* ContentView.swift */ = {isa = PBXFileReference; lastKnownFileType = sourcecode.swift; path = ContentView.swift; sourceTree = "<group>"; };
		E85D4EFE29FBE2AD00E274D0 /* Assets.xcassets */ = {isa = PBXFileReference; lastKnownFileType = folder.assetcatalog; path = Assets.xcassets; sourceTree = "<group>"; };
		E85D4F0029FBE2AD00E274D0 /* ColorsTabBar.entitlements */ = {isa = PBXFileReference; lastKnownFileType = text.plist.entitlements; path = ColorsTabBar.entitlements; sourceTree = "<group>"; };
		E85D4F0229FBE2AD00E274D0 /* Preview Assets.xcassets */ = {isa = PBXFileReference; lastKnownFileType = folder.assetcatalog; path = "Preview Assets.xcassets"; sourceTree = "<group>"; };
		E8B1A09129FD78880039DE0E /* TabBarOne.swift */ = {isa = PBXFileReference; lastKnownFileType = sourcecode.swift; path = TabBarOne.swift; sourceTree = "<group>"; };
		E8B1A09329FD78960039DE0E /* TabBarTow.swift */ = {isa = PBXFileReference; lastKnownFileType = sourcecode.swift; path = TabBarTow.swift; sourceTree = "<group>"; };
		E8B1A09529FD78DF0039DE0E /* TabBarThree.swift */ = {isa = PBXFileReference; lastKnownFileType = sourcecode.swift; path = TabBarThree.swift; sourceTree = "<group>"; };
/* End PBXFileReference section */

/* Begin PBXFrameworksBuildPhase section */
		E85D4EF429FBE2AB00E274D0 /* Frameworks */ = {
			isa = PBXFrameworksBuildPhase;
			buildActionMask = 2147483647;
			files = (
			);
			runOnlyForDeploymentPostprocessing = 0;
		};
/* End PBXFrameworksBuildPhase section */

/* Begin PBXGroup section */
		E85D4EEE29FBE2AB00E274D0 = {
			isa = PBXGroup;
			children = (
				E85D4EF929FBE2AB00E274D0 /* ColorsTabBar */,
				E85D4EF829FBE2AB00E274D0 /* Products */,
			);
			sourceTree = "<group>";
		};
		E85D4EF829FBE2AB00E274D0 /* Products */ = {
			isa = PBXGroup;
			children = (
				E85D4EF729FBE2AB00E274D0 /* ColorsTabBar.app */,
			);
			name = Products;
			sourceTree = "<group>";
		};
		E85D4EF929FBE2AB00E274D0 /* ColorsTabBar */ = {
			isa = PBXGroup;
			children = (
				E85D4EFA29FBE2AB00E274D0 /* ColorsTabBarApp.swift */,
				E85D4EFC29FBE2AB00E274D0 /* ContentView.swift */,
				E8B1A09029FD786B0039DE0E /* TabBars */,
				E85D4EFE29FBE2AD00E274D0 /* Assets.xcassets */,
				E85D4F0029FBE2AD00E274D0 /* ColorsTabBar.entitlements */,
				E85D4F0129FBE2AD00E274D0 /* Preview Content */,
			);
			path = ColorsTabBar;
			sourceTree = "<group>";
		};
		E85D4F0129FBE2AD00E274D0 /* Preview Content */ = {
			isa = PBXGroup;
			children = (
				E85D4F0229FBE2AD00E274D0 /* Preview Assets.xcassets */,
			);
			path = "Preview Content";
			sourceTree = "<group>";
		};
		E8B1A09029FD786B0039DE0E /* TabBars */ = {
			isa = PBXGroup;
			children = (
				E8B1A09129FD78880039DE0E /* TabBarOne.swift */,
				E8B1A09329FD78960039DE0E /* TabBarTow.swift */,
				E8B1A09529FD78DF0039DE0E /* TabBarThree.swift */,
			);
			path = TabBars;
			sourceTree = "<group>";
		};
/* End PBXGroup section */

/* Begin PBXNativeTarget section */
		E85D4EF629FBE2AB00E274D0 /* ColorsTabBar */ = {
			isa = PBXNativeTarget;
			buildConfigurationList = E85D4F0629FBE2AD00E274D0 /* Build configuration list for PBXNativeTarget "ColorsTabBar" */;
			buildPhases = (
				E85D4EF329FBE2AB00E274D0 /* Sources */,
				E85D4EF429FBE2AB00E274D0 /* Frameworks */,
				E85D4EF529FBE2AB00E274D0 /* Resources */,
			);
			buildRules = (
			);
			dependencies = (
			);
			name = ColorsTabBar;
			productName = ColorsTabBar;
			productReference = E85D4EF729FBE2AB00E274D0 /* ColorsTabBar.app */;
			productType = "com.apple.product-type.application";
		};
/* End PBXNativeTarget section */

/* Begin PBXProject section */
		E85D4EEF29FBE2AB00E274D0 /* Project object */ = {
			isa = PBXProject;
			attributes = {
				BuildIndependentTargetsInParallel = 1;
				LastSwiftUpdateCheck = 1430;
				LastUpgradeCheck = 1430;
				TargetAttributes = {
					E85D4EF629FBE2AB00E274D0 = {
						CreatedOnToolsVersion = 14.3;
					};
				};
			};
			buildConfigurationList = E85D4EF229FBE2AB00E274D0 /* Build configuration list for PBXProject "ColorsTabBar" */;
			compatibilityVersion = "Xcode 14.0";
			developmentRegion = en;
			hasScannedForEncodings = 0;
			knownRegions = (
				en,
				Base,
			);
			mainGroup = E85D4EEE29FBE2AB00E274D0;
			productRefGroup = E85D4EF829FBE2AB00E274D0 /* Products */;
			projectDirPath = "";
			projectRoot = "";
			targets = (
				E85D4EF629FBE2AB00E274D0 /* ColorsTabBar */,
			);
		};
/* End PBXProject section */

/* Begin PBXResourcesBuildPhase section */
		E85D4EF529FBE2AB00E274D0 /* Resources */ = {
			isa = PBXResourcesBuildPhase;
			buildActionMask = 2147483647;
			files = (
				E85D4F0329FBE2AD00E274D0 /* Preview Assets.xcassets in Resources */,
				E85D4EFF29FBE2AD00E274D0 /* Assets.xcassets in Resources */,
			);
			runOnlyForDeploymentPostprocessing = 0;
		};
/* End PBXResourcesBuildPhase section */

/* Begin PBXSourcesBuildPhase section */
		E85D4EF329FBE2AB00E274D0 /* Sources */ = {
			isa = PBXSourcesBuildPhase;
			buildActionMask = 2147483647;
			files = (
				E8B1A09629FD78DF0039DE0E /* TabBarThree.swift in Sources */,
				E8B1A09429FD78960039DE0E /* TabBarTow.swift in Sources */,
				E85D4EFD29FBE2AB00E274D0 /* ContentView.swift in Sources */,
				E85D4EFB29FBE2AB00E274D0 /* ColorsTabBarApp.swift in Sources */,
				E8B1A09229FD78880039DE0E /* TabBarOne.swift in Sources */,
			);
			runOnlyForDeploymentPostprocessing = 0;
		};
/* End PBXSourcesBuildPhase section */

/* Begin XCBuildConfiguration section */
		E85D4F0429FBE2AD00E274D0 /* Debug */ = {
			isa = XCBuildConfiguration;
			buildSettings = {
				ALWAYS_SEARCH_USER_PATHS = NO;
				CLANG_ANALYZER_NONNULL = YES;
				CLANG_ANALYZER_NUMBER_OBJECT_CONVERSION = YES_AGGRESSIVE;
				CLANG_CXX_LANGUAGE_STANDARD = "gnu++20";
				CLANG_ENABLE_MODULES = YES;
				CLANG_ENABLE_OBJC_ARC = YES;
				CLANG_ENABLE_OBJC_WEAK = YES;
				CLANG_WARN_BLOCK_CAPTURE_AUTORELEASING = YES;
				CLANG_WARN_BOOL_CONVERSION = YES;
				CLANG_WARN_COMMA = YES;
				CLANG_WARN_CONSTANT_CONVERSION = YES;
				CLANG_WARN_DEPRECATED_OBJC_IMPLEMENTATIONS = YES;
				CLANG_WARN_DIRECT_OBJC_ISA_USAGE = YES_ERROR;
				CLANG_WARN_DOCUMENTATION_COMMENTS = YES;
				CLANG_WARN_EMPTY_BODY = YES;
				CLANG_WARN_ENUM_CONVERSION = YES;
				CLANG_WARN_INFINITE_RECURSION = YES;
				CLANG_WARN_INT_CONVERSION = YES;
				CLANG_WARN_NON_LITERAL_NULL_CONVERSION = YES;
				CLANG_WARN_OBJC_IMPLICIT_RETAIN_SELF = YES;
				CLANG_WARN_OBJC_LITERAL_CONVERSION = YES;
				CLANG_WARN_OBJC_ROOT_CLASS = YES_ERROR;
				CLANG_WARN_QUOTED_INCLUDE_IN_FRAMEWORK_HEADER = YES;
				CLANG_WARN_RANGE_LOOP_ANALYSIS = YES;
				CLANG_WARN_STRICT_PROTOTYPES = YES;
				CLANG_WARN_SUSPICIOUS_MOVE = YES;
				CLANG_WARN_UNGUARDED_AVAILABILITY = YES_AGGRESSIVE;
				CLANG_WARN_UNREACHABLE_CODE = YES;
				CLANG_WARN__DUPLICATE_METHOD_MATCH = YES;
				COPY_PHASE_STRIP = NO;
				DEBUG_INFORMATION_FORMAT = dwarf;
				ENABLE_STRICT_OBJC_MSGSEND = YES;
				ENABLE_TESTABILITY = YES;
				GCC_C_LANGUAGE_STANDARD = gnu11;
				GCC_DYNAMIC_NO_PIC = NO;
				GCC_NO_COMMON_BLOCKS = YES;
				GCC_OPTIMIZATION_LEVEL = 0;
				GCC_PREPROCESSOR_DEFINITIONS = (
					"DEBUG=1",
					"$(inherited)",
				);
				GCC_WARN_64_TO_32_BIT_CONVERSION = YES;
				GCC_WARN_ABOUT_RETURN_TYPE = YES_ERROR;
				GCC_WARN_UNDECLARED_SELECTOR = YES;
				GCC_WARN_UNINITIALIZED_AUTOS = YES_AGGRESSIVE;
				GCC_WARN_UNUSED_FUNCTION = YES;
				GCC_WARN_UNUSED_VARIABLE = YES;
				MTL_ENABLE_DEBUG_INFO = INCLUDE_SOURCE;
				MTL_FAST_MATH = YES;
				ONLY_ACTIVE_ARCH = YES;
				SWIFT_ACTIVE_COMPILATION_CONDITIONS = DEBUG;
				SWIFT_OPTIMIZATION_LEVEL = "-Onone";
			};
			name = Debug;
		};
		E85D4F0529FBE2AD00E274D0 /* Release */ = {
			isa = XCBuildConfiguration;
			buildSettings = {
				ALWAYS_SEARCH_USER_PATHS = NO;
				CLANG_ANALYZER_NONNULL = YES;
				CLANG_ANALYZER_NUMBER_OBJECT_CONVERSION = YES_AGGRESSIVE;
				CLANG_CXX_LANGUAGE_STANDARD = "gnu++20";
				CLANG_ENABLE_MODULES = YES;
				CLANG_ENABLE_OBJC_ARC = YES;
				CLANG_ENABLE_OBJC_WEAK = YES;
				CLANG_WARN_BLOCK_CAPTURE_AUTORELEASING = YES;
				CLANG_WARN_BOOL_CONVERSION = YES;
				CLANG_WARN_COMMA = YES;
				CLANG_WARN_CONSTANT_CONVERSION = YES;
				CLANG_WARN_DEPRECATED_OBJC_IMPLEMENTATIONS = YES;
				CLANG_WARN_DIRECT_OBJC_ISA_USAGE = YES_ERROR;
				CLANG_WARN_DOCUMENTATION_COMMENTS = YES;
				CLANG_WARN_EMPTY_BODY = YES;
				CLANG_WARN_ENUM_CONVERSION = YES;
				CLANG_WARN_INFINITE_RECURSION = YES;
				CLANG_WARN_INT_CONVERSION = YES;
				CLANG_WARN_NON_LITERAL_NULL_CONVERSION = YES;
				CLANG_WARN_OBJC_IMPLICIT_RETAIN_SELF = YES;
				CLANG_WARN_OBJC_LITERAL_CONVERSION = YES;
				CLANG_WARN_OBJC_ROOT_CLASS = YES_ERROR;
				CLANG_WARN_QUOTED_INCLUDE_IN_FRAMEWORK_HEADER = YES;
				CLANG_WARN_RANGE_LOOP_ANALYSIS = YES;
				CLANG_WARN_STRICT_PROTOTYPES = YES;
				CLANG_WARN_SUSPICIOUS_MOVE = YES;
				CLANG_WARN_UNGUARDED_AVAILABILITY = YES_AGGRESSIVE;
				CLANG_WARN_UNREACHABLE_CODE = YES;
				CLANG_WARN__DUPLICATE_METHOD_MATCH = YES;
				COPY_PHASE_STRIP = NO;
				DEBUG_INFORMATION_FORMAT = "dwarf-with-dsym";
				ENABLE_NS_ASSERTIONS = NO;
				ENABLE_STRICT_OBJC_MSGSEND = YES;
				GCC_C_LANGUAGE_STANDARD = gnu11;
				GCC_NO_COMMON_BLOCKS = YES;
				GCC_WARN_64_TO_32_BIT_CONVERSION = YES;
				GCC_WARN_ABOUT_RETURN_TYPE = YES_ERROR;
				GCC_WARN_UNDECLARED_SELECTOR = YES;
				GCC_WARN_UNINITIALIZED_AUTOS = YES_AGGRESSIVE;
				GCC_WARN_UNUSED_FUNCTION = YES;
				GCC_WARN_UNUSED_VARIABLE = YES;
				MTL_ENABLE_DEBUG_INFO = NO;
				MTL_FAST_MATH = YES;
				SWIFT_COMPILATION_MODE = wholemodule;
				SWIFT_OPTIMIZATION_LEVEL = "-O";
			};
			name = Release;
		};
		E85D4F0729FBE2AD00E274D0 /* Debug */ = {
			isa = XCBuildConfiguration;
			buildSettings = {
				ASSETCATALOG_COMPILER_APPICON_NAME = AppIcon;
				ASSETCATALOG_COMPILER_GLOBAL_ACCENT_COLOR_NAME = AccentColor;
				CODE_SIGN_ENTITLEMENTS = ColorsTabBar/ColorsTabBar.entitlements;
				CODE_SIGN_STYLE = Automatic;
				CURRENT_PROJECT_VERSION = 1;
				DEVELOPMENT_ASSET_PATHS = "\"ColorsTabBar/Preview Content\"";
				DEVELOPMENT_TEAM = AXDXD4DT5G;
				ENABLE_HARDENED_RUNTIME = YES;
				ENABLE_PREVIEWS = YES;
				GENERATE_INFOPLIST_FILE = YES;
				"INFOPLIST_KEY_UIApplicationSceneManifest_Generation[sdk=iphoneos*]" = YES;
				"INFOPLIST_KEY_UIApplicationSceneManifest_Generation[sdk=iphonesimulator*]" = YES;
				"INFOPLIST_KEY_UIApplicationSupportsIndirectInputEvents[sdk=iphoneos*]" = YES;
				"INFOPLIST_KEY_UIApplicationSupportsIndirectInputEvents[sdk=iphonesimulator*]" = YES;
				"INFOPLIST_KEY_UILaunchScreen_Generation[sdk=iphoneos*]" = YES;
				"INFOPLIST_KEY_UILaunchScreen_Generation[sdk=iphonesimulator*]" = YES;
				"INFOPLIST_KEY_UIStatusBarStyle[sdk=iphoneos*]" = UIStatusBarStyleDefault;
				"INFOPLIST_KEY_UIStatusBarStyle[sdk=iphonesimulator*]" = UIStatusBarStyleDefault;
				INFOPLIST_KEY_UISupportedInterfaceOrientations_iPad = "UIInterfaceOrientationPortrait UIInterfaceOrientationPortraitUpsideDown UIInterfaceOrientationLandscapeLeft UIInterfaceOrientationLandscapeRight";
				INFOPLIST_KEY_UISupportedInterfaceOrientations_iPhone = "UIInterfaceOrientationPortrait UIInterfaceOrientationLandscapeLeft UIInterfaceOrientationLandscapeRight";
				IPHONEOS_DEPLOYMENT_TARGET = 16.4;
				LD_RUNPATH_SEARCH_PATHS = "@executable_path/Frameworks";
				"LD_RUNPATH_SEARCH_PATHS[sdk=macosx*]" = "@executable_path/../Frameworks";
				MACOSX_DEPLOYMENT_TARGET = 13.3;
				MARKETING_VERSION = 1.0;
				PRODUCT_BUNDLE_IDENTIFIER = com.Sucodee.ColorsTabBar;
				PRODUCT_NAME = "$(TARGET_NAME)";
				SDKROOT = auto;
				SUPPORTED_PLATFORMS = "iphoneos iphonesimulator macosx";
				SWIFT_EMIT_LOC_STRINGS = YES;
				SWIFT_VERSION = 5.0;
				TARGETED_DEVICE_FAMILY = "1,2";
			};
			name = Debug;
		};
		E85D4F0829FBE2AD00E274D0 /* Release */ = {
			isa = XCBuildConfiguration;
			buildSettings = {
				ASSETCATALOG_COMPILER_APPICON_NAME = AppIcon;
				ASSETCATALOG_COMPILER_GLOBAL_ACCENT_COLOR_NAME = AccentColor;
				CODE_SIGN_ENTITLEMENTS = ColorsTabBar/ColorsTabBar.entitlements;
				CODE_SIGN_STYLE = Automatic;
				CURRENT_PROJECT_VERSION = 1;
				DEVELOPMENT_ASSET_PATHS = "\"ColorsTabBar/Preview Content\"";
				DEVELOPMENT_TEAM = AXDXD4DT5G;
				ENABLE_HARDENED_RUNTIME = YES;
				ENABLE_PREVIEWS = YES;
				GENERATE_INFOPLIST_FILE = YES;
				"INFOPLIST_KEY_UIApplicationSceneManifest_Generation[sdk=iphoneos*]" = YES;
				"INFOPLIST_KEY_UIApplicationSceneManifest_Generation[sdk=iphonesimulator*]" = YES;
				"INFOPLIST_KEY_UIApplicationSupportsIndirectInputEvents[sdk=iphoneos*]" = YES;
				"INFOPLIST_KEY_UIApplicationSupportsIndirectInputEvents[sdk=iphonesimulator*]" = YES;
				"INFOPLIST_KEY_UILaunchScreen_Generation[sdk=iphoneos*]" = YES;
				"INFOPLIST_KEY_UILaunchScreen_Generation[sdk=iphonesimulator*]" = YES;
				"INFOPLIST_KEY_UIStatusBarStyle[sdk=iphoneos*]" = UIStatusBarStyleDefault;
				"INFOPLIST_KEY_UIStatusBarStyle[sdk=iphonesimulator*]" = UIStatusBarStyleDefault;
				INFOPLIST_KEY_UISupportedInterfaceOrientations_iPad = "UIInterfaceOrientationPortrait UIInterfaceOrientationPortraitUpsideDown UIInterfaceOrientationLandscapeLeft UIInterfaceOrientationLandscapeRight";
				INFOPLIST_KEY_UISupportedInterfaceOrientations_iPhone = "UIInterfaceOrientationPortrait UIInterfaceOrientationLandscapeLeft UIInterfaceOrientationLandscapeRight";
				IPHONEOS_DEPLOYMENT_TARGET = 16.4;
				LD_RUNPATH_SEARCH_PATHS = "@executable_path/Frameworks";
				"LD_RUNPATH_SEARCH_PATHS[sdk=macosx*]" = "@executable_path/../Frameworks";
				MACOSX_DEPLOYMENT_TARGET = 13.3;
				MARKETING_VERSION = 1.0;
				PRODUCT_BUNDLE_IDENTIFIER = com.Sucodee.ColorsTabBar;
				PRODUCT_NAME = "$(TARGET_NAME)";
				SDKROOT = auto;
				SUPPORTED_PLATFORMS = "iphoneos iphonesimulator macosx";
				SWIFT_EMIT_LOC_STRINGS = YES;
				SWIFT_VERSION = 5.0;
				TARGETED_DEVICE_FAMILY = "1,2";
			};
			name = Release;
		};
/* End XCBuildConfiguration section */

/* Begin XCConfigurationList section */
		E85D4EF229FBE2AB00E274D0 /* Build configuration list for PBXProject "ColorsTabBar" */ = {
			isa = XCConfigurationList;
			buildConfigurations = (
				E85D4F0429FBE2AD00E274D0 /* Debug */,
				E85D4F0529FBE2AD00E274D0 /* Release */,
			);
			defaultConfigurationIsVisible = 0;
			defaultConfigurationName = Release;
		};
		E85D4F0629FBE2AD00E274D0 /* Build configuration list for PBXNativeTarget "ColorsTabBar" */ = {
			isa = XCConfigurationList;
			buildConfigurations = (
				E85D4F0729FBE2AD00E274D0 /* Debug */,
				E85D4F0829FBE2AD00E274D0 /* Release */,
			);
			defaultConfigurationIsVisible = 0;
			defaultConfigurationName = Release;
		};
/* End XCConfigurationList section */
	};
	rootObject = E85D4EEF29FBE2AB00E274D0 /* Project object */;
}
