// !$*UTF8*$!
{
	archiveVersion = 1;
	classes = {
	};
	objectVersion = 77;
	objects = {

/* Begin PBXContainerItemProxy section */
		164D7CA92DD6D40A00FC9DE9 /* PBXContainerItemProxy */ = {
			isa = PBXContainerItemProxy;
			containerPortal = 164D7C932DD6D40900FC9DE9 /* Project object */;
			proxyType = 1;
			remoteGlobalIDString = 164D7C9A2DD6D40900FC9DE9;
			remoteInfo = FlickerTextAnimation;
		};
		164D7CB32DD6D40A00FC9DE9 /* PBXContainerItemProxy */ = {
			isa = PBXContainerItemProxy;
			containerPortal = 164D7C932DD6D40900FC9DE9 /* Project object */;
			proxyType = 1;
			remoteGlobalIDString = 164D7C9A2DD6D40900FC9DE9;
			remoteInfo = FlickerTextAnimation;
		};
/* End PBXContainerItemProxy section */

/* Begin PBXFileReference section */
		164D7C9B2DD6D40900FC9DE9 /* FlickerTextAnimation.app */ = {isa = PBXFileReference; explicitFileType = wrapper.application; includeInIndex = 0; path = FlickerTextAnimation.app; sourceTree = BUILT_PRODUCTS_DIR; };
		164D7CA82DD6D40A00FC9DE9 /* FlickerTextAnimationTests.xctest */ = {isa = PBXFileReference; explicitFileType = wrapper.cfbundle; includeInIndex = 0; path = FlickerTextAnimationTests.xctest; sourceTree = BUILT_PRODUCTS_DIR; };
		164D7CB22DD6D40A00FC9DE9 /* FlickerTextAnimationUITests.xctest */ = {isa = PBXFileReference; explicitFileType = wrapper.cfbundle; includeInIndex = 0; path = FlickerTextAnimationUITests.xctest; sourceTree = BUILT_PRODUCTS_DIR; };
/* End PBXFileReference section */

/* Begin PBXFileSystemSynchronizedRootGroup section */
		164D7C9D2DD6D40900FC9DE9 /* FlickerTextAnimation */ = {
			isa = PBXFileSystemSynchronizedRootGroup;
			path = FlickerTextAnimation;
			sourceTree = "<group>";
		};
		164D7CAB2DD6D40A00FC9DE9 /* FlickerTextAnimationTests */ = {
			isa = PBXFileSystemSynchronizedRootGroup;
			path = FlickerTextAnimationTests;
			sourceTree = "<group>";
		};
		164D7CB52DD6D40A00FC9DE9 /* FlickerTextAnimationUITests */ = {
			isa = PBXFileSystemSynchronizedRootGroup;
			path = FlickerTextAnimationUITests;
			sourceTree = "<group>";
		};
/* End PBXFileSystemSynchronizedRootGroup section */

/* Begin PBXFrameworksBuildPhase section */
		164D7C982DD6D40900FC9DE9 /* Frameworks */ = {
			isa = PBXFrameworksBuildPhase;
			buildActionMask = 2147483647;
			files = (
			);
			runOnlyForDeploymentPostprocessing = 0;
		};
		164D7CA52DD6D40A00FC9DE9 /* Frameworks */ = {
			isa = PBXFrameworksBuildPhase;
			buildActionMask = 2147483647;
			files = (
			);
			runOnlyForDeploymentPostprocessing = 0;
		};
		164D7CAF2DD6D40A00FC9DE9 /* Frameworks */ = {
			isa = PBXFrameworksBuildPhase;
			buildActionMask = 2147483647;
			files = (
			);
			runOnlyForDeploymentPostprocessing = 0;
		};
/* End PBXFrameworksBuildPhase section */

/* Begin PBXGroup section */
		164D7C922DD6D40900FC9DE9 = {
			isa = PBXGroup;
			children = (
				164D7C9D2DD6D40900FC9DE9 /* FlickerTextAnimation */,
				164D7CAB2DD6D40A00FC9DE9 /* FlickerTextAnimationTests */,
				164D7CB52DD6D40A00FC9DE9 /* FlickerTextAnimationUITests */,
				164D7C9C2DD6D40900FC9DE9 /* Products */,
			);
			sourceTree = "<group>";
		};
		164D7C9C2DD6D40900FC9DE9 /* Products */ = {
			isa = PBXGroup;
			children = (
				164D7C9B2DD6D40900FC9DE9 /* FlickerTextAnimation.app */,
				164D7CA82DD6D40A00FC9DE9 /* FlickerTextAnimationTests.xctest */,
				164D7CB22DD6D40A00FC9DE9 /* FlickerTextAnimationUITests.xctest */,
			);
			name = Products;
			sourceTree = "<group>";
		};
/* End PBXGroup section */

/* Begin PBXNativeTarget section */
		164D7C9A2DD6D40900FC9DE9 /* FlickerTextAnimation */ = {
			isa = PBXNativeTarget;
			buildConfigurationList = 164D7CBC2DD6D40A00FC9DE9 /* Build configuration list for PBXNativeTarget "FlickerTextAnimation" */;
			buildPhases = (
				164D7C972DD6D40900FC9DE9 /* Sources */,
				164D7C982DD6D40900FC9DE9 /* Frameworks */,
				164D7C992DD6D40900FC9DE9 /* Resources */,
			);
			buildRules = (
			);
			dependencies = (
			);
			fileSystemSynchronizedGroups = (
				164D7C9D2DD6D40900FC9DE9 /* FlickerTextAnimation */,
			);
			name = FlickerTextAnimation;
			packageProductDependencies = (
			);
			productName = FlickerTextAnimation;
			productReference = 164D7C9B2DD6D40900FC9DE9 /* FlickerTextAnimation.app */;
			productType = "com.apple.product-type.application";
		};
		164D7CA72DD6D40A00FC9DE9 /* FlickerTextAnimationTests */ = {
			isa = PBXNativeTarget;
			buildConfigurationList = 164D7CBF2DD6D40A00FC9DE9 /* Build configuration list for PBXNativeTarget "FlickerTextAnimationTests" */;
			buildPhases = (
				164D7CA42DD6D40A00FC9DE9 /* Sources */,
				164D7CA52DD6D40A00FC9DE9 /* Frameworks */,
				164D7CA62DD6D40A00FC9DE9 /* Resources */,
			);
			buildRules = (
			);
			dependencies = (
				164D7CAA2DD6D40A00FC9DE9 /* PBXTargetDependency */,
			);
			fileSystemSynchronizedGroups = (
				164D7CAB2DD6D40A00FC9DE9 /* FlickerTextAnimationTests */,
			);
			name = FlickerTextAnimationTests;
			packageProductDependencies = (
			);
			productName = FlickerTextAnimationTests;
			productReference = 164D7CA82DD6D40A00FC9DE9 /* FlickerTextAnimationTests.xctest */;
			productType = "com.apple.product-type.bundle.unit-test";
		};
		164D7CB12DD6D40A00FC9DE9 /* FlickerTextAnimationUITests */ = {
			isa = PBXNativeTarget;
			buildConfigurationList = 164D7CC22DD6D40A00FC9DE9 /* Build configuration list for PBXNativeTarget "FlickerTextAnimationUITests" */;
			buildPhases = (
				164D7CAE2DD6D40A00FC9DE9 /* Sources */,
				164D7CAF2DD6D40A00FC9DE9 /* Frameworks */,
				164D7CB02DD6D40A00FC9DE9 /* Resources */,
			);
			buildRules = (
			);
			dependencies = (
				164D7CB42DD6D40A00FC9DE9 /* PBXTargetDependency */,
			);
			fileSystemSynchronizedGroups = (
				164D7CB52DD6D40A00FC9DE9 /* FlickerTextAnimationUITests */,
			);
			name = FlickerTextAnimationUITests;
			packageProductDependencies = (
			);
			productName = FlickerTextAnimationUITests;
			productReference = 164D7CB22DD6D40A00FC9DE9 /* FlickerTextAnimationUITests.xctest */;
			productType = "com.apple.product-type.bundle.ui-testing";
		};
/* End PBXNativeTarget section */

/* Begin PBXProject section */
		164D7C932DD6D40900FC9DE9 /* Project object */ = {
			isa = PBXProject;
			attributes = {
				BuildIndependentTargetsInParallel = 1;
				LastSwiftUpdateCheck = 1630;
				LastUpgradeCheck = 1630;
				TargetAttributes = {
					164D7C9A2DD6D40900FC9DE9 = {
						CreatedOnToolsVersion = 16.3;
					};
					164D7CA72DD6D40A00FC9DE9 = {
						CreatedOnToolsVersion = 16.3;
						TestTargetID = 164D7C9A2DD6D40900FC9DE9;
					};
					164D7CB12DD6D40A00FC9DE9 = {
						CreatedOnToolsVersion = 16.3;
						TestTargetID = 164D7C9A2DD6D40900FC9DE9;
					};
				};
			};
			buildConfigurationList = 164D7C962DD6D40900FC9DE9 /* Build configuration list for PBXProject "FlickerTextAnimation" */;
			developmentRegion = en;
			hasScannedForEncodings = 0;
			knownRegions = (
				en,
				Base,
			);
			mainGroup = 164D7C922DD6D40900FC9DE9;
			minimizedProjectReferenceProxies = 1;
			preferredProjectObjectVersion = 77;
			productRefGroup = 164D7C9C2DD6D40900FC9DE9 /* Products */;
			projectDirPath = "";
			projectRoot = "";
			targets = (
				164D7C9A2DD6D40900FC9DE9 /* FlickerTextAnimation */,
				164D7CA72DD6D40A00FC9DE9 /* FlickerTextAnimationTests */,
				164D7CB12DD6D40A00FC9DE9 /* FlickerTextAnimationUITests */,
			);
		};
/* End PBXProject section */

/* Begin PBXResourcesBuildPhase section */
		164D7C992DD6D40900FC9DE9 /* Resources */ = {
			isa = PBXResourcesBuildPhase;
			buildActionMask = 2147483647;
			files = (
			);
			runOnlyForDeploymentPostprocessing = 0;
		};
		164D7CA62DD6D40A00FC9DE9 /* Resources */ = {
			isa = PBXResourcesBuildPhase;
			buildActionMask = 2147483647;
			files = (
			);
			runOnlyForDeploymentPostprocessing = 0;
		};
		164D7CB02DD6D40A00FC9DE9 /* Resources */ = {
			isa = PBXResourcesBuildPhase;
			buildActionMask = 2147483647;
			files = (
			);
			runOnlyForDeploymentPostprocessing = 0;
		};
/* End PBXResourcesBuildPhase section */

/* Begin PBXSourcesBuildPhase section */
		164D7C972DD6D40900FC9DE9 /* Sources */ = {
			isa = PBXSourcesBuildPhase;
			buildActionMask = 2147483647;
			files = (
			);
			runOnlyForDeploymentPostprocessing = 0;
		};
		164D7CA42DD6D40A00FC9DE9 /* Sources */ = {
			isa = PBXSourcesBuildPhase;
			buildActionMask = 2147483647;
			files = (
			);
			runOnlyForDeploymentPostprocessing = 0;
		};
		164D7CAE2DD6D40A00FC9DE9 /* Sources */ = {
			isa = PBXSourcesBuildPhase;
			buildActionMask = 2147483647;
			files = (
			);
			runOnlyForDeploymentPostprocessing = 0;
		};
/* End PBXSourcesBuildPhase section */

/* Begin PBXTargetDependency section */
		164D7CAA2DD6D40A00FC9DE9 /* PBXTargetDependency */ = {
			isa = PBXTargetDependency;
			target = 164D7C9A2DD6D40900FC9DE9 /* FlickerTextAnimation */;
			targetProxy = 164D7CA92DD6D40A00FC9DE9 /* PBXContainerItemProxy */;
		};
		164D7CB42DD6D40A00FC9DE9 /* PBXTargetDependency */ = {
			isa = PBXTargetDependency;
			target = 164D7C9A2DD6D40900FC9DE9 /* FlickerTextAnimation */;
			targetProxy = 164D7CB32DD6D40A00FC9DE9 /* PBXContainerItemProxy */;
		};
/* End PBXTargetDependency section */

/* Begin XCBuildConfiguration section */
		164D7CBA2DD6D40A00FC9DE9 /* Debug */ = {
			isa = XCBuildConfiguration;
			buildSettings = {
				ALWAYS_SEARCH_USER_PATHS = NO;
				ASSETCATALOG_COMPILER_GENERATE_SWIFT_ASSET_SYMBOL_EXTENSIONS = YES;
				CLANG_ANALYZER_NONNULL = YES;
				CLANG_ANALYZER_NUMBER_OBJECT_CONVERSION = YES_AGGRESSIVE;
				CLANG_CXX_LANGUAGE_STANDARD = "gnu++20";
				CLANG_ENABLE_MODULES = YES;
				CLANG_ENABLE_OBJC_ARC = YES;
				CLANG_ENABLE_OBJC_WEAK = YES;
				CLANG_WARN_BLOCK_CAPTURE_AUTORELEASING = YES;
				CLANG_WARN_BOOL_CONVERSION = YES;
				CLANG_WARN_COMMA = YES;
				CLANG_WARN_CONSTANT_CONVERSION = YES;
				CLANG_WARN_DEPRECATED_OBJC_IMPLEMENTATIONS = YES;
				CLANG_WARN_DIRECT_OBJC_ISA_USAGE = YES_ERROR;
				CLANG_WARN_DOCUMENTATION_COMMENTS = YES;
				CLANG_WARN_EMPTY_BODY = YES;
				CLANG_WARN_ENUM_CONVERSION = YES;
				CLANG_WARN_INFINITE_RECURSION = YES;
				CLANG_WARN_INT_CONVERSION = YES;
				CLANG_WARN_NON_LITERAL_NULL_CONVERSION = YES;
				CLANG_WARN_OBJC_IMPLICIT_RETAIN_SELF = YES;
				CLANG_WARN_OBJC_LITERAL_CONVERSION = YES;
				CLANG_WARN_OBJC_ROOT_CLASS = YES_ERROR;
				CLANG_WARN_QUOTED_INCLUDE_IN_FRAMEWORK_HEADER = YES;
				CLANG_WARN_RANGE_LOOP_ANALYSIS = YES;
				CLANG_WARN_STRICT_PROTOTYPES = YES;
				CLANG_WARN_SUSPICIOUS_MOVE = YES;
				CLANG_WARN_UNGUARDED_AVAILABILITY = YES_AGGRESSIVE;
				CLANG_WARN_UNREACHABLE_CODE = YES;
				CLANG_WARN__DUPLICATE_METHOD_MATCH = YES;
				COPY_PHASE_STRIP = NO;
				DEBUG_INFORMATION_FORMAT = dwarf;
				DEVELOPMENT_TEAM = AXDXD4DT5G;
				ENABLE_STRICT_OBJC_MSGSEND = YES;
				ENABLE_TESTABILITY = YES;
				ENABLE_USER_SCRIPT_SANDBOXING = YES;
				GCC_C_LANGUAGE_STANDARD = gnu17;
				GCC_DYNAMIC_NO_PIC = NO;
				GCC_NO_COMMON_BLOCKS = YES;
				GCC_OPTIMIZATION_LEVEL = 0;
				GCC_PREPROCESSOR_DEFINITIONS = (
					"DEBUG=1",
					"$(inherited)",
				);
				GCC_WARN_64_TO_32_BIT_CONVERSION = YES;
				GCC_WARN_ABOUT_RETURN_TYPE = YES_ERROR;
				GCC_WARN_UNDECLARED_SELECTOR = YES;
				GCC_WARN_UNINITIALIZED_AUTOS = YES_AGGRESSIVE;
				GCC_WARN_UNUSED_FUNCTION = YES;
				GCC_WARN_UNUSED_VARIABLE = YES;
				IPHONEOS_DEPLOYMENT_TARGET = 18.4;
				LOCALIZATION_PREFERS_STRING_CATALOGS = YES;
				MTL_ENABLE_DEBUG_INFO = INCLUDE_SOURCE;
				MTL_FAST_MATH = YES;
				ONLY_ACTIVE_ARCH = YES;
				SDKROOT = iphoneos;
				SWIFT_ACTIVE_COMPILATION_CONDITIONS = "DEBUG $(inherited)";
				SWIFT_OPTIMIZATION_LEVEL = "-Onone";
			};
			name = Debug;
		};
		164D7CBB2DD6D40A00FC9DE9 /* Release */ = {
			isa = XCBuildConfiguration;
			buildSettings = {
				ALWAYS_SEARCH_USER_PATHS = NO;
				ASSETCATALOG_COMPILER_GENERATE_SWIFT_ASSET_SYMBOL_EXTENSIONS = YES;
				CLANG_ANALYZER_NONNULL = YES;
				CLANG_ANALYZER_NUMBER_OBJECT_CONVERSION = YES_AGGRESSIVE;
				CLANG_CXX_LANGUAGE_STANDARD = "gnu++20";
				CLANG_ENABLE_MODULES = YES;
				CLANG_ENABLE_OBJC_ARC = YES;
				CLANG_ENABLE_OBJC_WEAK = YES;
				CLANG_WARN_BLOCK_CAPTURE_AUTORELEASING = YES;
				CLANG_WARN_BOOL_CONVERSION = YES;
				CLANG_WARN_COMMA = YES;
				CLANG_WARN_CONSTANT_CONVERSION = YES;
				CLANG_WARN_DEPRECATED_OBJC_IMPLEMENTATIONS = YES;
				CLANG_WARN_DIRECT_OBJC_ISA_USAGE = YES_ERROR;
				CLANG_WARN_DOCUMENTATION_COMMENTS = YES;
				CLANG_WARN_EMPTY_BODY = YES;
				CLANG_WARN_ENUM_CONVERSION = YES;
				CLANG_WARN_INFINITE_RECURSION = YES;
				CLANG_WARN_INT_CONVERSION = YES;
				CLANG_WARN_NON_LITERAL_NULL_CONVERSION = YES;
				CLANG_WARN_OBJC_IMPLICIT_RETAIN_SELF = YES;
				CLANG_WARN_OBJC_LITERAL_CONVERSION = YES;
				CLANG_WARN_OBJC_ROOT_CLASS = YES_ERROR;
				CLANG_WARN_QUOTED_INCLUDE_IN_FRAMEWORK_HEADER = YES;
				CLANG_WARN_RANGE_LOOP_ANALYSIS = YES;
				CLANG_WARN_STRICT_PROTOTYPES = YES;
				CLANG_WARN_SUSPICIOUS_MOVE = YES;
				CLANG_WARN_UNGUARDED_AVAILABILITY = YES_AGGRESSIVE;
				CLANG_WARN_UNREACHABLE_CODE = YES;
				CLANG_WARN__DUPLICATE_METHOD_MATCH = YES;
				COPY_PHASE_STRIP = NO;
				DEBUG_INFORMATION_FORMAT = "dwarf-with-dsym";
				DEVELOPMENT_TEAM = AXDXD4DT5G;
				ENABLE_NS_ASSERTIONS = NO;
				ENABLE_STRICT_OBJC_MSGSEND = YES;
				ENABLE_USER_SCRIPT_SANDBOXING = YES;
				GCC_C_LANGUAGE_STANDARD = gnu17;
				GCC_NO_COMMON_BLOCKS = YES;
				GCC_WARN_64_TO_32_BIT_CONVERSION = YES;
				GCC_WARN_ABOUT_RETURN_TYPE = YES_ERROR;
				GCC_WARN_UNDECLARED_SELECTOR = YES;
				GCC_WARN_UNINITIALIZED_AUTOS = YES_AGGRESSIVE;
				GCC_WARN_UNUSED_FUNCTION = YES;
				GCC_WARN_UNUSED_VARIABLE = YES;
				IPHONEOS_DEPLOYMENT_TARGET = 18.4;
				LOCALIZATION_PREFERS_STRING_CATALOGS = YES;
				MTL_ENABLE_DEBUG_INFO = NO;
				MTL_FAST_MATH = YES;
				SDKROOT = iphoneos;
				SWIFT_COMPILATION_MODE = wholemodule;
				VALIDATE_PRODUCT = YES;
			};
			name = Release;
		};
		164D7CBD2DD6D40A00FC9DE9 /* Debug */ = {
			isa = XCBuildConfiguration;
			buildSettings = {
				ASSETCATALOG_COMPILER_APPICON_NAME = AppIcon;
				ASSETCATALOG_COMPILER_GLOBAL_ACCENT_COLOR_NAME = AccentColor;
				CODE_SIGN_STYLE = Automatic;
				CURRENT_PROJECT_VERSION = 1;
				DEVELOPMENT_TEAM = AXDXD4DT5G;
				ENABLE_PREVIEWS = YES;
				GENERATE_INFOPLIST_FILE = YES;
				INFOPLIST_KEY_UIApplicationSceneManifest_Generation = YES;
				INFOPLIST_KEY_UIApplicationSupportsIndirectInputEvents = YES;
				INFOPLIST_KEY_UILaunchScreen_Generation = YES;
				INFOPLIST_KEY_UISupportedInterfaceOrientations_iPad = "UIInterfaceOrientationPortrait UIInterfaceOrientationPortraitUpsideDown UIInterfaceOrientationLandscapeLeft UIInterfaceOrientationLandscapeRight";
				INFOPLIST_KEY_UISupportedInterfaceOrientations_iPhone = "UIInterfaceOrientationPortrait UIInterfaceOrientationLandscapeLeft UIInterfaceOrientationLandscapeRight";
				LD_RUNPATH_SEARCH_PATHS = (
					"$(inherited)",
					"@executable_path/Frameworks",
				);
				MARKETING_VERSION = 1.0;
				PRODUCT_BUNDLE_IDENTIFIER = houhanlu.FlickerTextAnimation;
				PRODUCT_NAME = "$(TARGET_NAME)";
				SWIFT_EMIT_LOC_STRINGS = YES;
				SWIFT_VERSION = 5.0;
				TARGETED_DEVICE_FAMILY = "1,2";
			};
			name = Debug;
		};
		164D7CBE2DD6D40A00FC9DE9 /* Release */ = {
			isa = XCBuildConfiguration;
			buildSettings = {
				ASSETCATALOG_COMPILER_APPICON_NAME = AppIcon;
				ASSETCATALOG_COMPILER_GLOBAL_ACCENT_COLOR_NAME = AccentColor;
				CODE_SIGN_STYLE = Automatic;
				CURRENT_PROJECT_VERSION = 1;
				DEVELOPMENT_TEAM = AXDXD4DT5G;
				ENABLE_PREVIEWS = YES;
				GENERATE_INFOPLIST_FILE = YES;
				INFOPLIST_KEY_UIApplicationSceneManifest_Generation = YES;
				INFOPLIST_KEY_UIApplicationSupportsIndirectInputEvents = YES;
				INFOPLIST_KEY_UILaunchScreen_Generation = YES;
				INFOPLIST_KEY_UISupportedInterfaceOrientations_iPad = "UIInterfaceOrientationPortrait UIInterfaceOrientationPortraitUpsideDown UIInterfaceOrientationLandscapeLeft UIInterfaceOrientationLandscapeRight";
				INFOPLIST_KEY_UISupportedInterfaceOrientations_iPhone = "UIInterfaceOrientationPortrait UIInterfaceOrientationLandscapeLeft UIInterfaceOrientationLandscapeRight";
				LD_RUNPATH_SEARCH_PATHS = (
					"$(inherited)",
					"@executable_path/Frameworks",
				);
				MARKETING_VERSION = 1.0;
				PRODUCT_BUNDLE_IDENTIFIER = houhanlu.FlickerTextAnimation;
				PRODUCT_NAME = "$(TARGET_NAME)";
				SWIFT_EMIT_LOC_STRINGS = YES;
				SWIFT_VERSION = 5.0;
				TARGETED_DEVICE_FAMILY = "1,2";
			};
			name = Release;
		};
		164D7CC02DD6D40A00FC9DE9 /* Debug */ = {
			isa = XCBuildConfiguration;
			buildSettings = {
				BUNDLE_LOADER = "$(TEST_HOST)";
				CODE_SIGN_STYLE = Automatic;
				CURRENT_PROJECT_VERSION = 1;
				DEVELOPMENT_TEAM = AXDXD4DT5G;
				GENERATE_INFOPLIST_FILE = YES;
				IPHONEOS_DEPLOYMENT_TARGET = 18.4;
				MARKETING_VERSION = 1.0;
				PRODUCT_BUNDLE_IDENTIFIER = houhanlu.FlickerTextAnimationTests;
				PRODUCT_NAME = "$(TARGET_NAME)";
				SWIFT_EMIT_LOC_STRINGS = NO;
				SWIFT_VERSION = 5.0;
				TARGETED_DEVICE_FAMILY = "1,2";
				TEST_HOST = "$(BUILT_PRODUCTS_DIR)/FlickerTextAnimation.app/$(BUNDLE_EXECUTABLE_FOLDER_PATH)/FlickerTextAnimation";
			};
			name = Debug;
		};
		164D7CC12DD6D40A00FC9DE9 /* Release */ = {
			isa = XCBuildConfiguration;
			buildSettings = {
				BUNDLE_LOADER = "$(TEST_HOST)";
				CODE_SIGN_STYLE = Automatic;
				CURRENT_PROJECT_VERSION = 1;
				DEVELOPMENT_TEAM = AXDXD4DT5G;
				GENERATE_INFOPLIST_FILE = YES;
				IPHONEOS_DEPLOYMENT_TARGET = 18.4;
				MARKETING_VERSION = 1.0;
				PRODUCT_BUNDLE_IDENTIFIER = houhanlu.FlickerTextAnimationTests;
				PRODUCT_NAME = "$(TARGET_NAME)";
				SWIFT_EMIT_LOC_STRINGS = NO;
				SWIFT_VERSION = 5.0;
				TARGETED_DEVICE_FAMILY = "1,2";
				TEST_HOST = "$(BUILT_PRODUCTS_DIR)/FlickerTextAnimation.app/$(BUNDLE_EXECUTABLE_FOLDER_PATH)/FlickerTextAnimation";
			};
			name = Release;
		};
		164D7CC32DD6D40A00FC9DE9 /* Debug */ = {
			isa = XCBuildConfiguration;
			buildSettings = {
				CODE_SIGN_STYLE = Automatic;
				CURRENT_PROJECT_VERSION = 1;
				DEVELOPMENT_TEAM = AXDXD4DT5G;
				GENERATE_INFOPLIST_FILE = YES;
				MARKETING_VERSION = 1.0;
				PRODUCT_BUNDLE_IDENTIFIER = houhanlu.FlickerTextAnimationUITests;
				PRODUCT_NAME = "$(TARGET_NAME)";
				SWIFT_EMIT_LOC_STRINGS = NO;
				SWIFT_VERSION = 5.0;
				TARGETED_DEVICE_FAMILY = "1,2";
				TEST_TARGET_NAME = FlickerTextAnimation;
			};
			name = Debug;
		};
		164D7CC42DD6D40A00FC9DE9 /* Release */ = {
			isa = XCBuildConfiguration;
			buildSettings = {
				CODE_SIGN_STYLE = Automatic;
				CURRENT_PROJECT_VERSION = 1;
				DEVELOPMENT_TEAM = AXDXD4DT5G;
				GENERATE_INFOPLIST_FILE = YES;
				MARKETING_VERSION = 1.0;
				PRODUCT_BUNDLE_IDENTIFIER = houhanlu.FlickerTextAnimationUITests;
				PRODUCT_NAME = "$(TARGET_NAME)";
				SWIFT_EMIT_LOC_STRINGS = NO;
				SWIFT_VERSION = 5.0;
				TARGETED_DEVICE_FAMILY = "1,2";
				TEST_TARGET_NAME = FlickerTextAnimation;
			};
			name = Release;
		};
/* End XCBuildConfiguration section */

/* Begin XCConfigurationList section */
		164D7C962DD6D40900FC9DE9 /* Build configuration list for PBXProject "FlickerTextAnimation" */ = {
			isa = XCConfigurationList;
			buildConfigurations = (
				164D7CBA2DD6D40A00FC9DE9 /* Debug */,
				164D7CBB2DD6D40A00FC9DE9 /* Release */,
			);
			defaultConfigurationIsVisible = 0;
			defaultConfigurationName = Release;
		};
		164D7CBC2DD6D40A00FC9DE9 /* Build configuration list for PBXNativeTarget "FlickerTextAnimation" */ = {
			isa = XCConfigurationList;
			buildConfigurations = (
				164D7CBD2DD6D40A00FC9DE9 /* Debug */,
				164D7CBE2DD6D40A00FC9DE9 /* Release */,
			);
			defaultConfigurationIsVisible = 0;
			defaultConfigurationName = Release;
		};
		164D7CBF2DD6D40A00FC9DE9 /* Build configuration list for PBXNativeTarget "FlickerTextAnimationTests" */ = {
			isa = XCConfigurationList;
			buildConfigurations = (
				164D7CC02DD6D40A00FC9DE9 /* Debug */,
				164D7CC12DD6D40A00FC9DE9 /* Release */,
			);
			defaultConfigurationIsVisible = 0;
			defaultConfigurationName = Release;
		};
		164D7CC22DD6D40A00FC9DE9 /* Build configuration list for PBXNativeTarget "FlickerTextAnimationUITests" */ = {
			isa = XCConfigurationList;
			buildConfigurations = (
				164D7CC32DD6D40A00FC9DE9 /* Debug */,
				164D7CC42DD6D40A00FC9DE9 /* Release */,
			);
			defaultConfigurationIsVisible = 0;
			defaultConfigurationName = Release;
		};
/* End XCConfigurationList section */
	};
	rootObject = 164D7C932DD6D40900FC9DE9 /* Project object */;
}
