// !$*UTF8*$!
{
	archiveVersion = 1;
	classes = {
	};
	objectVersion = 77;
	objects = {

/* Begin PBXContainerItemProxy section */
		164D80142DDA8E4A00FC9DE9 /* PBXContainerItemProxy */ = {
			isa = PBXContainerItemProxy;
			containerPortal = 164D7FFE2DDA8E4A00FC9DE9 /* Project object */;
			proxyType = 1;
			remoteGlobalIDString = 164D80052DDA8E4A00FC9DE9;
			remoteInfo = OffsetEffect;
		};
		164D801E2DDA8E4A00FC9DE9 /* PBXContainerItemProxy */ = {
			isa = PBXContainerItemProxy;
			containerPortal = 164D7FFE2DDA8E4A00FC9DE9 /* Project object */;
			proxyType = 1;
			remoteGlobalIDString = 164D80052DDA8E4A00FC9DE9;
			remoteInfo = OffsetEffect;
		};
/* End PBXContainerItemProxy section */

/* Begin PBXFileReference section */
		164D80062DDA8E4A00FC9DE9 /* OffsetEffect.app */ = {isa = PBXFileReference; explicitFileType = wrapper.application; includeInIndex = 0; path = OffsetEffect.app; sourceTree = BUILT_PRODUCTS_DIR; };
		164D80132DDA8E4A00FC9DE9 /* OffsetEffectTests.xctest */ = {isa = PBXFileReference; explicitFileType = wrapper.cfbundle; includeInIndex = 0; path = OffsetEffectTests.xctest; sourceTree = BUILT_PRODUCTS_DIR; };
		164D801D2DDA8E4A00FC9DE9 /* OffsetEffectUITests.xctest */ = {isa = PBXFileReference; explicitFileType = wrapper.cfbundle; includeInIndex = 0; path = OffsetEffectUITests.xctest; sourceTree = BUILT_PRODUCTS_DIR; };
/* End PBXFileReference section */

/* Begin PBXFileSystemSynchronizedRootGroup section */
		164D80082DDA8E4A00FC9DE9 /* OffsetEffect */ = {
			isa = PBXFileSystemSynchronizedRootGroup;
			path = OffsetEffect;
			sourceTree = "<group>";
		};
		164D80162DDA8E4A00FC9DE9 /* OffsetEffectTests */ = {
			isa = PBXFileSystemSynchronizedRootGroup;
			path = OffsetEffectTests;
			sourceTree = "<group>";
		};
		164D80202DDA8E4A00FC9DE9 /* OffsetEffectUITests */ = {
			isa = PBXFileSystemSynchronizedRootGroup;
			path = OffsetEffectUITests;
			sourceTree = "<group>";
		};
/* End PBXFileSystemSynchronizedRootGroup section */

/* Begin PBXFrameworksBuildPhase section */
		164D80032DDA8E4A00FC9DE9 /* Frameworks */ = {
			isa = PBXFrameworksBuildPhase;
			buildActionMask = 2147483647;
			files = (
			);
			runOnlyForDeploymentPostprocessing = 0;
		};
		164D80102DDA8E4A00FC9DE9 /* Frameworks */ = {
			isa = PBXFrameworksBuildPhase;
			buildActionMask = 2147483647;
			files = (
			);
			runOnlyForDeploymentPostprocessing = 0;
		};
		164D801A2DDA8E4A00FC9DE9 /* Frameworks */ = {
			isa = PBXFrameworksBuildPhase;
			buildActionMask = 2147483647;
			files = (
			);
			runOnlyForDeploymentPostprocessing = 0;
		};
/* End PBXFrameworksBuildPhase section */

/* Begin PBXGroup section */
		164D7FFD2DDA8E4A00FC9DE9 = {
			isa = PBXGroup;
			children = (
				164D80082DDA8E4A00FC9DE9 /* OffsetEffect */,
				164D80162DDA8E4A00FC9DE9 /* OffsetEffectTests */,
				164D80202DDA8E4A00FC9DE9 /* OffsetEffectUITests */,
				164D80072DDA8E4A00FC9DE9 /* Products */,
			);
			sourceTree = "<group>";
		};
		164D80072DDA8E4A00FC9DE9 /* Products */ = {
			isa = PBXGroup;
			children = (
				164D80062DDA8E4A00FC9DE9 /* OffsetEffect.app */,
				164D80132DDA8E4A00FC9DE9 /* OffsetEffectTests.xctest */,
				164D801D2DDA8E4A00FC9DE9 /* OffsetEffectUITests.xctest */,
			);
			name = Products;
			sourceTree = "<group>";
		};
/* End PBXGroup section */

/* Begin PBXNativeTarget section */
		164D80052DDA8E4A00FC9DE9 /* OffsetEffect */ = {
			isa = PBXNativeTarget;
			buildConfigurationList = 164D80272DDA8E4A00FC9DE9 /* Build configuration list for PBXNativeTarget "OffsetEffect" */;
			buildPhases = (
				164D80022DDA8E4A00FC9DE9 /* Sources */,
				164D80032DDA8E4A00FC9DE9 /* Frameworks */,
				164D80042DDA8E4A00FC9DE9 /* Resources */,
			);
			buildRules = (
			);
			dependencies = (
			);
			fileSystemSynchronizedGroups = (
				164D80082DDA8E4A00FC9DE9 /* OffsetEffect */,
			);
			name = OffsetEffect;
			packageProductDependencies = (
			);
			productName = OffsetEffect;
			productReference = 164D80062DDA8E4A00FC9DE9 /* OffsetEffect.app */;
			productType = "com.apple.product-type.application";
		};
		164D80122DDA8E4A00FC9DE9 /* OffsetEffectTests */ = {
			isa = PBXNativeTarget;
			buildConfigurationList = 164D802A2DDA8E4A00FC9DE9 /* Build configuration list for PBXNativeTarget "OffsetEffectTests" */;
			buildPhases = (
				164D800F2DDA8E4A00FC9DE9 /* Sources */,
				164D80102DDA8E4A00FC9DE9 /* Frameworks */,
				164D80112DDA8E4A00FC9DE9 /* Resources */,
			);
			buildRules = (
			);
			dependencies = (
				164D80152DDA8E4A00FC9DE9 /* PBXTargetDependency */,
			);
			fileSystemSynchronizedGroups = (
				164D80162DDA8E4A00FC9DE9 /* OffsetEffectTests */,
			);
			name = OffsetEffectTests;
			packageProductDependencies = (
			);
			productName = OffsetEffectTests;
			productReference = 164D80132DDA8E4A00FC9DE9 /* OffsetEffectTests.xctest */;
			productType = "com.apple.product-type.bundle.unit-test";
		};
		164D801C2DDA8E4A00FC9DE9 /* OffsetEffectUITests */ = {
			isa = PBXNativeTarget;
			buildConfigurationList = 164D802D2DDA8E4A00FC9DE9 /* Build configuration list for PBXNativeTarget "OffsetEffectUITests" */;
			buildPhases = (
				164D80192DDA8E4A00FC9DE9 /* Sources */,
				164D801A2DDA8E4A00FC9DE9 /* Frameworks */,
				164D801B2DDA8E4A00FC9DE9 /* Resources */,
			);
			buildRules = (
			);
			dependencies = (
				164D801F2DDA8E4A00FC9DE9 /* PBXTargetDependency */,
			);
			fileSystemSynchronizedGroups = (
				164D80202DDA8E4A00FC9DE9 /* OffsetEffectUITests */,
			);
			name = OffsetEffectUITests;
			packageProductDependencies = (
			);
			productName = OffsetEffectUITests;
			productReference = 164D801D2DDA8E4A00FC9DE9 /* OffsetEffectUITests.xctest */;
			productType = "com.apple.product-type.bundle.ui-testing";
		};
/* End PBXNativeTarget section */

/* Begin PBXProject section */
		164D7FFE2DDA8E4A00FC9DE9 /* Project object */ = {
			isa = PBXProject;
			attributes = {
				BuildIndependentTargetsInParallel = 1;
				LastSwiftUpdateCheck = 1630;
				LastUpgradeCheck = 1630;
				TargetAttributes = {
					164D80052DDA8E4A00FC9DE9 = {
						CreatedOnToolsVersion = 16.3;
					};
					164D80122DDA8E4A00FC9DE9 = {
						CreatedOnToolsVersion = 16.3;
						TestTargetID = 164D80052DDA8E4A00FC9DE9;
					};
					164D801C2DDA8E4A00FC9DE9 = {
						CreatedOnToolsVersion = 16.3;
						TestTargetID = 164D80052DDA8E4A00FC9DE9;
					};
				};
			};
			buildConfigurationList = 164D80012DDA8E4A00FC9DE9 /* Build configuration list for PBXProject "OffsetEffect" */;
			developmentRegion = en;
			hasScannedForEncodings = 0;
			knownRegions = (
				en,
				Base,
			);
			mainGroup = 164D7FFD2DDA8E4A00FC9DE9;
			minimizedProjectReferenceProxies = 1;
			preferredProjectObjectVersion = 77;
			productRefGroup = 164D80072DDA8E4A00FC9DE9 /* Products */;
			projectDirPath = "";
			projectRoot = "";
			targets = (
				164D80052DDA8E4A00FC9DE9 /* OffsetEffect */,
				164D80122DDA8E4A00FC9DE9 /* OffsetEffectTests */,
				164D801C2DDA8E4A00FC9DE9 /* OffsetEffectUITests */,
			);
		};
/* End PBXProject section */

/* Begin PBXResourcesBuildPhase section */
		164D80042DDA8E4A00FC9DE9 /* Resources */ = {
			isa = PBXResourcesBuildPhase;
			buildActionMask = 2147483647;
			files = (
			);
			runOnlyForDeploymentPostprocessing = 0;
		};
		164D80112DDA8E4A00FC9DE9 /* Resources */ = {
			isa = PBXResourcesBuildPhase;
			buildActionMask = 2147483647;
			files = (
			);
			runOnlyForDeploymentPostprocessing = 0;
		};
		164D801B2DDA8E4A00FC9DE9 /* Resources */ = {
			isa = PBXResourcesBuildPhase;
			buildActionMask = 2147483647;
			files = (
			);
			runOnlyForDeploymentPostprocessing = 0;
		};
/* End PBXResourcesBuildPhase section */

/* Begin PBXSourcesBuildPhase section */
		164D80022DDA8E4A00FC9DE9 /* Sources */ = {
			isa = PBXSourcesBuildPhase;
			buildActionMask = 2147483647;
			files = (
			);
			runOnlyForDeploymentPostprocessing = 0;
		};
		164D800F2DDA8E4A00FC9DE9 /* Sources */ = {
			isa = PBXSourcesBuildPhase;
			buildActionMask = 2147483647;
			files = (
			);
			runOnlyForDeploymentPostprocessing = 0;
		};
		164D80192DDA8E4A00FC9DE9 /* Sources */ = {
			isa = PBXSourcesBuildPhase;
			buildActionMask = 2147483647;
			files = (
			);
			runOnlyForDeploymentPostprocessing = 0;
		};
/* End PBXSourcesBuildPhase section */

/* Begin PBXTargetDependency section */
		164D80152DDA8E4A00FC9DE9 /* PBXTargetDependency */ = {
			isa = PBXTargetDependency;
			target = 164D80052DDA8E4A00FC9DE9 /* OffsetEffect */;
			targetProxy = 164D80142DDA8E4A00FC9DE9 /* PBXContainerItemProxy */;
		};
		164D801F2DDA8E4A00FC9DE9 /* PBXTargetDependency */ = {
			isa = PBXTargetDependency;
			target = 164D80052DDA8E4A00FC9DE9 /* OffsetEffect */;
			targetProxy = 164D801E2DDA8E4A00FC9DE9 /* PBXContainerItemProxy */;
		};
/* End PBXTargetDependency section */

/* Begin XCBuildConfiguration section */
		164D80252DDA8E4A00FC9DE9 /* Debug */ = {
			isa = XCBuildConfiguration;
			buildSettings = {
				ALWAYS_SEARCH_USER_PATHS = NO;
				ASSETCATALOG_COMPILER_GENERATE_SWIFT_ASSET_SYMBOL_EXTENSIONS = YES;
				CLANG_ANALYZER_NONNULL = YES;
				CLANG_ANALYZER_NUMBER_OBJECT_CONVERSION = YES_AGGRESSIVE;
				CLANG_CXX_LANGUAGE_STANDARD = "gnu++20";
				CLANG_ENABLE_MODULES = YES;
				CLANG_ENABLE_OBJC_ARC = YES;
				CLANG_ENABLE_OBJC_WEAK = YES;
				CLANG_WARN_BLOCK_CAPTURE_AUTORELEASING = YES;
				CLANG_WARN_BOOL_CONVERSION = YES;
				CLANG_WARN_COMMA = YES;
				CLANG_WARN_CONSTANT_CONVERSION = YES;
				CLANG_WARN_DEPRECATED_OBJC_IMPLEMENTATIONS = YES;
				CLANG_WARN_DIRECT_OBJC_ISA_USAGE = YES_ERROR;
				CLANG_WARN_DOCUMENTATION_COMMENTS = YES;
				CLANG_WARN_EMPTY_BODY = YES;
				CLANG_WARN_ENUM_CONVERSION = YES;
				CLANG_WARN_INFINITE_RECURSION = YES;
				CLANG_WARN_INT_CONVERSION = YES;
				CLANG_WARN_NON_LITERAL_NULL_CONVERSION = YES;
				CLANG_WARN_OBJC_IMPLICIT_RETAIN_SELF = YES;
				CLANG_WARN_OBJC_LITERAL_CONVERSION = YES;
				CLANG_WARN_OBJC_ROOT_CLASS = YES_ERROR;
				CLANG_WARN_QUOTED_INCLUDE_IN_FRAMEWORK_HEADER = YES;
				CLANG_WARN_RANGE_LOOP_ANALYSIS = YES;
				CLANG_WARN_STRICT_PROTOTYPES = YES;
				CLANG_WARN_SUSPICIOUS_MOVE = YES;
				CLANG_WARN_UNGUARDED_AVAILABILITY = YES_AGGRESSIVE;
				CLANG_WARN_UNREACHABLE_CODE = YES;
				CLANG_WARN__DUPLICATE_METHOD_MATCH = YES;
				COPY_PHASE_STRIP = NO;
				DEBUG_INFORMATION_FORMAT = dwarf;
				DEVELOPMENT_TEAM = AXDXD4DT5G;
				ENABLE_STRICT_OBJC_MSGSEND = YES;
				ENABLE_TESTABILITY = YES;
				ENABLE_USER_SCRIPT_SANDBOXING = YES;
				GCC_C_LANGUAGE_STANDARD = gnu17;
				GCC_DYNAMIC_NO_PIC = NO;
				GCC_NO_COMMON_BLOCKS = YES;
				GCC_OPTIMIZATION_LEVEL = 0;
				GCC_PREPROCESSOR_DEFINITIONS = (
					"DEBUG=1",
					"$(inherited)",
				);
				GCC_WARN_64_TO_32_BIT_CONVERSION = YES;
				GCC_WARN_ABOUT_RETURN_TYPE = YES_ERROR;
				GCC_WARN_UNDECLARED_SELECTOR = YES;
				GCC_WARN_UNINITIALIZED_AUTOS = YES_AGGRESSIVE;
				GCC_WARN_UNUSED_FUNCTION = YES;
				GCC_WARN_UNUSED_VARIABLE = YES;
				IPHONEOS_DEPLOYMENT_TARGET = 18.4;
				LOCALIZATION_PREFERS_STRING_CATALOGS = YES;
				MTL_ENABLE_DEBUG_INFO = INCLUDE_SOURCE;
				MTL_FAST_MATH = YES;
				ONLY_ACTIVE_ARCH = YES;
				SDKROOT = iphoneos;
				SWIFT_ACTIVE_COMPILATION_CONDITIONS = "DEBUG $(inherited)";
				SWIFT_OPTIMIZATION_LEVEL = "-Onone";
			};
			name = Debug;
		};
		164D80262DDA8E4A00FC9DE9 /* Release */ = {
			isa = XCBuildConfiguration;
			buildSettings = {
				ALWAYS_SEARCH_USER_PATHS = NO;
				ASSETCATALOG_COMPILER_GENERATE_SWIFT_ASSET_SYMBOL_EXTENSIONS = YES;
				CLANG_ANALYZER_NONNULL = YES;
				CLANG_ANALYZER_NUMBER_OBJECT_CONVERSION = YES_AGGRESSIVE;
				CLANG_CXX_LANGUAGE_STANDARD = "gnu++20";
				CLANG_ENABLE_MODULES = YES;
				CLANG_ENABLE_OBJC_ARC = YES;
				CLANG_ENABLE_OBJC_WEAK = YES;
				CLANG_WARN_BLOCK_CAPTURE_AUTORELEASING = YES;
				CLANG_WARN_BOOL_CONVERSION = YES;
				CLANG_WARN_COMMA = YES;
				CLANG_WARN_CONSTANT_CONVERSION = YES;
				CLANG_WARN_DEPRECATED_OBJC_IMPLEMENTATIONS = YES;
				CLANG_WARN_DIRECT_OBJC_ISA_USAGE = YES_ERROR;
				CLANG_WARN_DOCUMENTATION_COMMENTS = YES;
				CLANG_WARN_EMPTY_BODY = YES;
				CLANG_WARN_ENUM_CONVERSION = YES;
				CLANG_WARN_INFINITE_RECURSION = YES;
				CLANG_WARN_INT_CONVERSION = YES;
				CLANG_WARN_NON_LITERAL_NULL_CONVERSION = YES;
				CLANG_WARN_OBJC_IMPLICIT_RETAIN_SELF = YES;
				CLANG_WARN_OBJC_LITERAL_CONVERSION = YES;
				CLANG_WARN_OBJC_ROOT_CLASS = YES_ERROR;
				CLANG_WARN_QUOTED_INCLUDE_IN_FRAMEWORK_HEADER = YES;
				CLANG_WARN_RANGE_LOOP_ANALYSIS = YES;
				CLANG_WARN_STRICT_PROTOTYPES = YES;
				CLANG_WARN_SUSPICIOUS_MOVE = YES;
				CLANG_WARN_UNGUARDED_AVAILABILITY = YES_AGGRESSIVE;
				CLANG_WARN_UNREACHABLE_CODE = YES;
				CLANG_WARN__DUPLICATE_METHOD_MATCH = YES;
				COPY_PHASE_STRIP = NO;
				DEBUG_INFORMATION_FORMAT = "dwarf-with-dsym";
				DEVELOPMENT_TEAM = AXDXD4DT5G;
				ENABLE_NS_ASSERTIONS = NO;
				ENABLE_STRICT_OBJC_MSGSEND = YES;
				ENABLE_USER_SCRIPT_SANDBOXING = YES;
				GCC_C_LANGUAGE_STANDARD = gnu17;
				GCC_NO_COMMON_BLOCKS = YES;
				GCC_WARN_64_TO_32_BIT_CONVERSION = YES;
				GCC_WARN_ABOUT_RETURN_TYPE = YES_ERROR;
				GCC_WARN_UNDECLARED_SELECTOR = YES;
				GCC_WARN_UNINITIALIZED_AUTOS = YES_AGGRESSIVE;
				GCC_WARN_UNUSED_FUNCTION = YES;
				GCC_WARN_UNUSED_VARIABLE = YES;
				IPHONEOS_DEPLOYMENT_TARGET = 18.4;
				LOCALIZATION_PREFERS_STRING_CATALOGS = YES;
				MTL_ENABLE_DEBUG_INFO = NO;
				MTL_FAST_MATH = YES;
				SDKROOT = iphoneos;
				SWIFT_COMPILATION_MODE = wholemodule;
				VALIDATE_PRODUCT = YES;
			};
			name = Release;
		};
		164D80282DDA8E4A00FC9DE9 /* Debug */ = {
			isa = XCBuildConfiguration;
			buildSettings = {
				ASSETCATALOG_COMPILER_APPICON_NAME = AppIcon;
				ASSETCATALOG_COMPILER_GLOBAL_ACCENT_COLOR_NAME = AccentColor;
				CODE_SIGN_STYLE = Automatic;
				CURRENT_PROJECT_VERSION = 1;
				DEVELOPMENT_TEAM = AXDXD4DT5G;
				ENABLE_PREVIEWS = YES;
				GENERATE_INFOPLIST_FILE = YES;
				INFOPLIST_KEY_UIApplicationSceneManifest_Generation = YES;
				INFOPLIST_KEY_UIApplicationSupportsIndirectInputEvents = YES;
				INFOPLIST_KEY_UILaunchScreen_Generation = YES;
				INFOPLIST_KEY_UISupportedInterfaceOrientations_iPad = "UIInterfaceOrientationPortrait UIInterfaceOrientationPortraitUpsideDown UIInterfaceOrientationLandscapeLeft UIInterfaceOrientationLandscapeRight";
				INFOPLIST_KEY_UISupportedInterfaceOrientations_iPhone = "UIInterfaceOrientationPortrait UIInterfaceOrientationLandscapeLeft UIInterfaceOrientationLandscapeRight";
				LD_RUNPATH_SEARCH_PATHS = (
					"$(inherited)",
					"@executable_path/Frameworks",
				);
				MARKETING_VERSION = 1.0;
				PRODUCT_BUNDLE_IDENTIFIER = houhanlu.OffsetEffect;
				PRODUCT_NAME = "$(TARGET_NAME)";
				SWIFT_EMIT_LOC_STRINGS = YES;
				SWIFT_VERSION = 5.0;
				TARGETED_DEVICE_FAMILY = "1,2";
			};
			name = Debug;
		};
		164D80292DDA8E4A00FC9DE9 /* Release */ = {
			isa = XCBuildConfiguration;
			buildSettings = {
				ASSETCATALOG_COMPILER_APPICON_NAME = AppIcon;
				ASSETCATALOG_COMPILER_GLOBAL_ACCENT_COLOR_NAME = AccentColor;
				CODE_SIGN_STYLE = Automatic;
				CURRENT_PROJECT_VERSION = 1;
				DEVELOPMENT_TEAM = AXDXD4DT5G;
				ENABLE_PREVIEWS = YES;
				GENERATE_INFOPLIST_FILE = YES;
				INFOPLIST_KEY_UIApplicationSceneManifest_Generation = YES;
				INFOPLIST_KEY_UIApplicationSupportsIndirectInputEvents = YES;
				INFOPLIST_KEY_UILaunchScreen_Generation = YES;
				INFOPLIST_KEY_UISupportedInterfaceOrientations_iPad = "UIInterfaceOrientationPortrait UIInterfaceOrientationPortraitUpsideDown UIInterfaceOrientationLandscapeLeft UIInterfaceOrientationLandscapeRight";
				INFOPLIST_KEY_UISupportedInterfaceOrientations_iPhone = "UIInterfaceOrientationPortrait UIInterfaceOrientationLandscapeLeft UIInterfaceOrientationLandscapeRight";
				LD_RUNPATH_SEARCH_PATHS = (
					"$(inherited)",
					"@executable_path/Frameworks",
				);
				MARKETING_VERSION = 1.0;
				PRODUCT_BUNDLE_IDENTIFIER = houhanlu.OffsetEffect;
				PRODUCT_NAME = "$(TARGET_NAME)";
				SWIFT_EMIT_LOC_STRINGS = YES;
				SWIFT_VERSION = 5.0;
				TARGETED_DEVICE_FAMILY = "1,2";
			};
			name = Release;
		};
		164D802B2DDA8E4A00FC9DE9 /* Debug */ = {
			isa = XCBuildConfiguration;
			buildSettings = {
				BUNDLE_LOADER = "$(TEST_HOST)";
				CODE_SIGN_STYLE = Automatic;
				CURRENT_PROJECT_VERSION = 1;
				DEVELOPMENT_TEAM = AXDXD4DT5G;
				GENERATE_INFOPLIST_FILE = YES;
				IPHONEOS_DEPLOYMENT_TARGET = 18.4;
				MARKETING_VERSION = 1.0;
				PRODUCT_BUNDLE_IDENTIFIER = houhanlu.OffsetEffectTests;
				PRODUCT_NAME = "$(TARGET_NAME)";
				SWIFT_EMIT_LOC_STRINGS = NO;
				SWIFT_VERSION = 5.0;
				TARGETED_DEVICE_FAMILY = "1,2";
				TEST_HOST = "$(BUILT_PRODUCTS_DIR)/OffsetEffect.app/$(BUNDLE_EXECUTABLE_FOLDER_PATH)/OffsetEffect";
			};
			name = Debug;
		};
		164D802C2DDA8E4A00FC9DE9 /* Release */ = {
			isa = XCBuildConfiguration;
			buildSettings = {
				BUNDLE_LOADER = "$(TEST_HOST)";
				CODE_SIGN_STYLE = Automatic;
				CURRENT_PROJECT_VERSION = 1;
				DEVELOPMENT_TEAM = AXDXD4DT5G;
				GENERATE_INFOPLIST_FILE = YES;
				IPHONEOS_DEPLOYMENT_TARGET = 18.4;
				MARKETING_VERSION = 1.0;
				PRODUCT_BUNDLE_IDENTIFIER = houhanlu.OffsetEffectTests;
				PRODUCT_NAME = "$(TARGET_NAME)";
				SWIFT_EMIT_LOC_STRINGS = NO;
				SWIFT_VERSION = 5.0;
				TARGETED_DEVICE_FAMILY = "1,2";
				TEST_HOST = "$(BUILT_PRODUCTS_DIR)/OffsetEffect.app/$(BUNDLE_EXECUTABLE_FOLDER_PATH)/OffsetEffect";
			};
			name = Release;
		};
		164D802E2DDA8E4A00FC9DE9 /* Debug */ = {
			isa = XCBuildConfiguration;
			buildSettings = {
				CODE_SIGN_STYLE = Automatic;
				CURRENT_PROJECT_VERSION = 1;
				DEVELOPMENT_TEAM = AXDXD4DT5G;
				GENERATE_INFOPLIST_FILE = YES;
				MARKETING_VERSION = 1.0;
				PRODUCT_BUNDLE_IDENTIFIER = houhanlu.OffsetEffectUITests;
				PRODUCT_NAME = "$(TARGET_NAME)";
				SWIFT_EMIT_LOC_STRINGS = NO;
				SWIFT_VERSION = 5.0;
				TARGETED_DEVICE_FAMILY = "1,2";
				TEST_TARGET_NAME = OffsetEffect;
			};
			name = Debug;
		};
		164D802F2DDA8E4A00FC9DE9 /* Release */ = {
			isa = XCBuildConfiguration;
			buildSettings = {
				CODE_SIGN_STYLE = Automatic;
				CURRENT_PROJECT_VERSION = 1;
				DEVELOPMENT_TEAM = AXDXD4DT5G;
				GENERATE_INFOPLIST_FILE = YES;
				MARKETING_VERSION = 1.0;
				PRODUCT_BUNDLE_IDENTIFIER = houhanlu.OffsetEffectUITests;
				PRODUCT_NAME = "$(TARGET_NAME)";
				SWIFT_EMIT_LOC_STRINGS = NO;
				SWIFT_VERSION = 5.0;
				TARGETED_DEVICE_FAMILY = "1,2";
				TEST_TARGET_NAME = OffsetEffect;
			};
			name = Release;
		};
/* End XCBuildConfiguration section */

/* Begin XCConfigurationList section */
		164D80012DDA8E4A00FC9DE9 /* Build configuration list for PBXProject "OffsetEffect" */ = {
			isa = XCConfigurationList;
			buildConfigurations = (
				164D80252DDA8E4A00FC9DE9 /* Debug */,
				164D80262DDA8E4A00FC9DE9 /* Release */,
			);
			defaultConfigurationIsVisible = 0;
			defaultConfigurationName = Release;
		};
		164D80272DDA8E4A00FC9DE9 /* Build configuration list for PBXNativeTarget "OffsetEffect" */ = {
			isa = XCConfigurationList;
			buildConfigurations = (
				164D80282DDA8E4A00FC9DE9 /* Debug */,
				164D80292DDA8E4A00FC9DE9 /* Release */,
			);
			defaultConfigurationIsVisible = 0;
			defaultConfigurationName = Release;
		};
		164D802A2DDA8E4A00FC9DE9 /* Build configuration list for PBXNativeTarget "OffsetEffectTests" */ = {
			isa = XCConfigurationList;
			buildConfigurations = (
				164D802B2DDA8E4A00FC9DE9 /* Debug */,
				164D802C2DDA8E4A00FC9DE9 /* Release */,
			);
			defaultConfigurationIsVisible = 0;
			defaultConfigurationName = Release;
		};
		164D802D2DDA8E4A00FC9DE9 /* Build configuration list for PBXNativeTarget "OffsetEffectUITests" */ = {
			isa = XCConfigurationList;
			buildConfigurations = (
				164D802E2DDA8E4A00FC9DE9 /* Debug */,
				164D802F2DDA8E4A00FC9DE9 /* Release */,
			);
			defaultConfigurationIsVisible = 0;
			defaultConfigurationName = Release;
		};
/* End XCConfigurationList section */
	};
	rootObject = 164D7FFE2DDA8E4A00FC9DE9 /* Project object */;
}
